
Microsoft Visual Studio Solution File, Format Version 12.00
# Visual Studio 15
VisualStudioVersion = 15.0.27130.2027
MinimumVisualStudioVersion = 10.0.40219.1
Project("{8BC9CEB8-8B4A-11D0-8D11-00A0C91BC942}") = "Titan Designer", "Titan Designer\Titan Designer.vcxproj", "{C3CC1802-5CF0-4B6C-B065-A107BE2AD11F}"
EndProject
Global
	GlobalSection(SolutionConfigurationPlatforms) = preSolution
		Debug|Tegra-Android = Debug|Tegra-Android
		Debug|x64 = Debug|x64
		Debug|x86 = Debug|x86
		iMac Release|Tegra-Android = iMac Release|Tegra-Android
		iMac Release|x64 = iMac Release|x64
		iMac Release|x86 = iMac Release|x86
		MinSizeRel|Tegra-Android = MinSizeRel|Tegra-Android
		MinSizeRel|x64 = MinSizeRel|x64
		MinSizeRel|x86 = MinSizeRel|x86
		PC Debug|Tegra-Android = PC Debug|Tegra-Android
		PC Debug|x64 = PC Debug|x64
		PC Debug|x86 = PC Debug|x86
		PC Release|Tegra-Android = PC Release|Tegra-Android
		PC Release|x64 = PC Release|x64
		PC Release|x86 = PC Release|x86
		Release|Tegra-Android = Release|Tegra-Android
		Release|x64 = Release|x64
		Release|x86 = Release|x86
		RelWithDebInfo|Tegra-Android = RelWithDebInfo|Tegra-Android
		RelWithDebInfo|x64 = RelWithDebInfo|x64
		RelWithDebInfo|x86 = RelWithDebInfo|x86
	EndGlobalSection
	GlobalSection(ProjectConfigurationPlatforms) = postSolution
		{C3CC1802-5CF0-4B6C-B065-A107BE2AD11F}.Debug|Tegra-Android.ActiveCfg = Debug|Tegra-Android
		{C3CC1802-5CF0-4B6C-B065-A107BE2AD11F}.Debug|Tegra-Android.Build.0 = Debug|Tegra-Android
		{C3CC1802-5CF0-4B6C-B065-A107BE2AD11F}.Debug|x64.ActiveCfg = Debug|x64
		{C3CC1802-5CF0-4B6C-B065-A107BE2AD11F}.Debug|x64.Build.0 = Debug|x64
		{C3CC1802-5CF0-4B6C-B065-A107BE2AD11F}.Debug|x86.ActiveCfg = Debug|Win32
		{C3CC1802-5CF0-4B6C-B065-A107BE2AD11F}.Debug|x86.Build.0 = Debug|Win32
		{C3CC1802-5CF0-4B6C-B065-A107BE2AD11F}.iMac Release|Tegra-Android.ActiveCfg = iMac Release|Win32
		{C3CC1802-5CF0-4B6C-B065-A107BE2AD11F}.iMac Release|x64.ActiveCfg = iMac Release|x64
		{C3CC1802-5CF0-4B6C-B065-A107BE2AD11F}.iMac Release|x64.Build.0 = iMac Release|x64
		{C3CC1802-5CF0-4B6C-B065-A107BE2AD11F}.iMac Release|x86.ActiveCfg = iMac Release|Win32
		{C3CC1802-5CF0-4B6C-B065-A107BE2AD11F}.iMac Release|x86.Build.0 = iMac Release|Win32
		{C3CC1802-5CF0-4B6C-B065-A107BE2AD11F}.MinSizeRel|Tegra-Android.ActiveCfg = iMac Release|Tegra-Android
		{C3CC1802-5CF0-4B6C-B065-A107BE2AD11F}.MinSizeRel|Tegra-Android.Build.0 = iMac Release|Tegra-Android
		{C3CC1802-5CF0-4B6C-B065-A107BE2AD11F}.MinSizeRel|x64.ActiveCfg = Release|x64
		{C3CC1802-5CF0-4B6C-B065-A107BE2AD11F}.MinSizeRel|x64.Build.0 = Release|x64
		{C3CC1802-5CF0-4B6C-B065-A107BE2AD11F}.MinSizeRel|x86.ActiveCfg = Release|Win32
		{C3CC1802-5CF0-4B6C-B065-A107BE2AD11F}.MinSizeRel|x86.Build.0 = Release|Win32
		{C3CC1802-5CF0-4B6C-B065-A107BE2AD11F}.PC Debug|Tegra-Android.ActiveCfg = PC Debug|Tegra-Android
		{C3CC1802-5CF0-4B6C-B065-A107BE2AD11F}.PC Debug|Tegra-Android.Build.0 = PC Debug|Tegra-Android
		{C3CC1802-5CF0-4B6C-B065-A107BE2AD11F}.PC Debug|x64.ActiveCfg = PC Debug|x64
		{C3CC1802-5CF0-4B6C-B065-A107BE2AD11F}.PC Debug|x64.Build.0 = PC Debug|x64
		{C3CC1802-5CF0-4B6C-B065-A107BE2AD11F}.PC Debug|x86.ActiveCfg = PC Debug|Win32
		{C3CC1802-5CF0-4B6C-B065-A107BE2AD11F}.PC Debug|x86.Build.0 = PC Debug|Win32
		{C3CC1802-5CF0-4B6C-B065-A107BE2AD11F}.PC Release|Tegra-Android.ActiveCfg = PC Release|Tegra-Android
		{C3CC1802-5CF0-4B6C-B065-A107BE2AD11F}.PC Release|Tegra-Android.Build.0 = PC Release|Tegra-Android
		{C3CC1802-5CF0-4B6C-B065-A107BE2AD11F}.PC Release|x64.ActiveCfg = PC Release|x64
		{C3CC1802-5CF0-4B6C-B065-A107BE2AD11F}.PC Release|x64.Build.0 = PC Release|x64
		{C3CC1802-5CF0-4B6C-B065-A107BE2AD11F}.PC Release|x86.ActiveCfg = PC Release|Win32
		{C3CC1802-5CF0-4B6C-B065-A107BE2AD11F}.PC Release|x86.Build.0 = PC Release|Win32
		{C3CC1802-5CF0-4B6C-B065-A107BE2AD11F}.Release|Tegra-Android.ActiveCfg = Release|Tegra-Android
		{C3CC1802-5CF0-4B6C-B065-A107BE2AD11F}.Release|Tegra-Android.Build.0 = Release|Tegra-Android
		{C3CC1802-5CF0-4B6C-B065-A107BE2AD11F}.Release|x64.ActiveCfg = Release|x64
		{C3CC1802-5CF0-4B6C-B065-A107BE2AD11F}.Release|x64.Build.0 = Release|x64
		{C3CC1802-5CF0-4B6C-B065-A107BE2AD11F}.Release|x86.ActiveCfg = Release|Win32
		{C3CC1802-5CF0-4B6C-B065-A107BE2AD11F}.Release|x86.Build.0 = Release|Win32
		{C3CC1802-5CF0-4B6C-B065-A107BE2AD11F}.RelWithDebInfo|Tegra-Android.ActiveCfg = Release|Tegra-Android
		{C3CC1802-5CF0-4B6C-B065-A107BE2AD11F}.RelWithDebInfo|Tegra-Android.Build.0 = Release|Tegra-Android
		{C3CC1802-5CF0-4B6C-B065-A107BE2AD11F}.RelWithDebInfo|x64.ActiveCfg = Release|x64
		{C3CC1802-5CF0-4B6C-B065-A107BE2AD11F}.RelWithDebInfo|x64.Build.0 = Release|x64
		{C3CC1802-5CF0-4B6C-B065-A107BE2AD11F}.RelWithDebInfo|x86.ActiveCfg = Release|Win32
		{C3CC1802-5CF0-4B6C-B065-A107BE2AD11F}.RelWithDebInfo|x86.Build.0 = Release|Win32
	EndGlobalSection
	GlobalSection(SolutionProperties) = preSolution
		HideSolutionNode = FALSE
	EndGlobalSection
	GlobalSection(ExtensibilityGlobals) = postSolution
		SolutionGuid = {6E5B1F2B-36D1-4571-86DC-FC0D1B167A96}
	EndGlobalSection
EndGlobal
