
Microsoft Visual Studio Solution File, Format Version 11.00
# Visual Studio 2010
Project("{8BC9CEB8-8B4A-11D0-8D11-00A0C91BC942}") = "App_BulletExampleBrowser", "App_BulletExampleBrowser.vcxproj", "{94B3DE0A-23CC-FE49-AC54-F430653D53D8}"
	ProjectSection(ProjectDependencies) = postProject
		{0E735813-1555-5849-90F6-8CEE013AB048} = {0E735813-1555-5849-90F6-8CEE013AB048}
		{C78EBE34-ACBC-E341-B17F-AEBBB5C52488} = {C78EBE34-ACBC-E341-B17F-AEBBB5C52488}
		{42104BE7-8934-0847-9B6C-CB3854772363} = {42104BE7-8934-0847-9B6C-CB3854772363}
		{A44B4C86-6B65-4B4E-8C2E-7B7DB01A673D} = {A44B4C86-6B65-4B4E-8C2E-7B7DB01A673D}
		{56FA3A6C-AB66-D24F-AE21-B03DEBE8F8C8} = {56FA3A6C-AB66-D24F-AE21-B03DEBE8F8C8}
		{B0DC4F19-5C47-CD42-AE95-BD09091649C4} = {B0DC4F19-5C47-CD42-AE95-BD09091649C4}
		{477B3C60-C14A-DC42-B4FE-9953DADAD450} = {477B3C60-C14A-DC42-B4FE-9953DADAD450}
		{CA0336C1-3EBD-4742-8B2F-7C915EDD56CF} = {CA0336C1-3EBD-4742-8B2F-7C915EDD56CF}
		{4A7076C9-2C18-0340-A072-CEC825616693} = {4A7076C9-2C18-0340-A072-CEC825616693}
		{327D02BB-568F-E14B-9B62-29033D257F6E} = {327D02BB-568F-E14B-9B62-29033D257F6E}
		{72C3D9FC-7017-5940-A0F7-BAEDCF0315CA} = {72C3D9FC-7017-5940-A0F7-BAEDCF0315CA}
		{F73555C6-B995-B448-8531-E790116A7FD4} = {F73555C6-B995-B448-8531-E790116A7FD4}
		{17B5F139-44FA-0047-BCFB-58620722AC14} = {17B5F139-44FA-0047-BCFB-58620722AC14}
		{4B3F5F51-DAF8-704F-98A2-C79CE16268F7} = {4B3F5F51-DAF8-704F-98A2-C79CE16268F7}
		{9FCA7809-59F8-5942-8978-61BF44390D6F} = {9FCA7809-59F8-5942-8978-61BF44390D6F}
	EndProjectSection
EndProject
Project("{8BC9CEB8-8B4A-11D0-8D11-00A0C91BC942}") = "BulletExampleBrowserLib", "BulletExampleBrowserLib.vcxproj", "{0E735813-1555-5849-90F6-8CEE013AB048}"
EndProject
Project("{8BC9CEB8-8B4A-11D0-8D11-00A0C91BC942}") = "App_RobotSimulator", "App_RobotSimulator.vcxproj", "{CBC37F46-F8DD-874D-956B-FDFE8894F09B}"
	ProjectSection(ProjectDependencies) = postProject
		{0E735813-1555-5849-90F6-8CEE013AB048} = {0E735813-1555-5849-90F6-8CEE013AB048}
		{C78EBE34-ACBC-E341-B17F-AEBBB5C52488} = {C78EBE34-ACBC-E341-B17F-AEBBB5C52488}
		{42104BE7-8934-0847-9B6C-CB3854772363} = {42104BE7-8934-0847-9B6C-CB3854772363}
		{48E167FF-9F2B-E84C-BAB8-9DDDCB8F4E7A} = {48E167FF-9F2B-E84C-BAB8-9DDDCB8F4E7A}
		{C5C3DA5D-0CBA-2A4F-ACC4-F52545E39B64} = {C5C3DA5D-0CBA-2A4F-ACC4-F52545E39B64}
		{A44B4C86-6B65-4B4E-8C2E-7B7DB01A673D} = {A44B4C86-6B65-4B4E-8C2E-7B7DB01A673D}
		{56FA3A6C-AB66-D24F-AE21-B03DEBE8F8C8} = {56FA3A6C-AB66-D24F-AE21-B03DEBE8F8C8}
		{B0DC4F19-5C47-CD42-AE95-BD09091649C4} = {B0DC4F19-5C47-CD42-AE95-BD09091649C4}
		{477B3C60-C14A-DC42-B4FE-9953DADAD450} = {477B3C60-C14A-DC42-B4FE-9953DADAD450}
		{CA0336C1-3EBD-4742-8B2F-7C915EDD56CF} = {CA0336C1-3EBD-4742-8B2F-7C915EDD56CF}
		{4A7076C9-2C18-0340-A072-CEC825616693} = {4A7076C9-2C18-0340-A072-CEC825616693}
		{327D02BB-568F-E14B-9B62-29033D257F6E} = {327D02BB-568F-E14B-9B62-29033D257F6E}
		{72C3D9FC-7017-5940-A0F7-BAEDCF0315CA} = {72C3D9FC-7017-5940-A0F7-BAEDCF0315CA}
		{F73555C6-B995-B448-8531-E790116A7FD4} = {F73555C6-B995-B448-8531-E790116A7FD4}
		{17B5F139-44FA-0047-BCFB-58620722AC14} = {17B5F139-44FA-0047-BCFB-58620722AC14}
		{4B3F5F51-DAF8-704F-98A2-C79CE16268F7} = {4B3F5F51-DAF8-704F-98A2-C79CE16268F7}
		{9FCA7809-59F8-5942-8978-61BF44390D6F} = {9FCA7809-59F8-5942-8978-61BF44390D6F}
		{A4C78EE6-F0D9-7D4E-9301-F843EC81C989} = {A4C78EE6-F0D9-7D4E-9301-F843EC81C989}
		{64829C29-B676-4E43-95E2-53F6A10990C7} = {64829C29-B676-4E43-95E2-53F6A10990C7}
	EndProjectSection
EndProject
Project("{8BC9CEB8-8B4A-11D0-8D11-00A0C91BC942}") = "OpenGL_Window", "OpenGL_Window.vcxproj", "{42104BE7-8934-0847-9B6C-CB3854772363}"
EndProject
Project("{8BC9CEB8-8B4A-11D0-8D11-00A0C91BC942}") = "gwen", "gwen.vcxproj", "{C78EBE34-ACBC-E341-B17F-AEBBB5C52488}"
EndProject
Project("{8BC9CEB8-8B4A-11D0-8D11-00A0C91BC942}") = "App_HelloWorld", "App_HelloWorld.vcxproj", "{13B3978B-A817-534D-B4C6-10B5DE6B9FB5}"
	ProjectSection(ProjectDependencies) = postProject
		{477B3C60-C14A-DC42-B4FE-9953DADAD450} = {477B3C60-C14A-DC42-B4FE-9953DADAD450}
		{CA0336C1-3EBD-4742-8B2F-7C915EDD56CF} = {CA0336C1-3EBD-4742-8B2F-7C915EDD56CF}
		{4A7076C9-2C18-0340-A072-CEC825616693} = {4A7076C9-2C18-0340-A072-CEC825616693}
	EndProjectSection
EndProject
Project("{8BC9CEB8-8B4A-11D0-8D11-00A0C91BC942}") = "App_PhysicsServer_SharedMemory", "App_PhysicsServer_SharedMemory.vcxproj", "{C0609875-23E6-2442-AA2D-E457B850DDF9}"
	ProjectSection(ProjectDependencies) = postProject
		{A44B4C86-6B65-4B4E-8C2E-7B7DB01A673D} = {A44B4C86-6B65-4B4E-8C2E-7B7DB01A673D}
		{72C3D9FC-7017-5940-A0F7-BAEDCF0315CA} = {72C3D9FC-7017-5940-A0F7-BAEDCF0315CA}
		{56FA3A6C-AB66-D24F-AE21-B03DEBE8F8C8} = {56FA3A6C-AB66-D24F-AE21-B03DEBE8F8C8}
		{B0DC4F19-5C47-CD42-AE95-BD09091649C4} = {B0DC4F19-5C47-CD42-AE95-BD09091649C4}
		{477B3C60-C14A-DC42-B4FE-9953DADAD450} = {477B3C60-C14A-DC42-B4FE-9953DADAD450}
		{CA0336C1-3EBD-4742-8B2F-7C915EDD56CF} = {CA0336C1-3EBD-4742-8B2F-7C915EDD56CF}
		{4A7076C9-2C18-0340-A072-CEC825616693} = {4A7076C9-2C18-0340-A072-CEC825616693}
		{327D02BB-568F-E14B-9B62-29033D257F6E} = {327D02BB-568F-E14B-9B62-29033D257F6E}
	EndProjectSection
EndProject
Project("{8BC9CEB8-8B4A-11D0-8D11-00A0C91BC942}") = "App_PhysicsServer_SharedMemory_GUI", "App_PhysicsServer_SharedMemory_GUI.vcxproj", "{F507AE53-6C6E-9C42-A757-AB13F2C2B239}"
	ProjectSection(ProjectDependencies) = postProject
		{A44B4C86-6B65-4B4E-8C2E-7B7DB01A673D} = {A44B4C86-6B65-4B4E-8C2E-7B7DB01A673D}
		{56FA3A6C-AB66-D24F-AE21-B03DEBE8F8C8} = {56FA3A6C-AB66-D24F-AE21-B03DEBE8F8C8}
		{B0DC4F19-5C47-CD42-AE95-BD09091649C4} = {B0DC4F19-5C47-CD42-AE95-BD09091649C4}
		{477B3C60-C14A-DC42-B4FE-9953DADAD450} = {477B3C60-C14A-DC42-B4FE-9953DADAD450}
		{CA0336C1-3EBD-4742-8B2F-7C915EDD56CF} = {CA0336C1-3EBD-4742-8B2F-7C915EDD56CF}
		{4A7076C9-2C18-0340-A072-CEC825616693} = {4A7076C9-2C18-0340-A072-CEC825616693}
		{42104BE7-8934-0847-9B6C-CB3854772363} = {42104BE7-8934-0847-9B6C-CB3854772363}
		{72C3D9FC-7017-5940-A0F7-BAEDCF0315CA} = {72C3D9FC-7017-5940-A0F7-BAEDCF0315CA}
		{327D02BB-568F-E14B-9B62-29033D257F6E} = {327D02BB-568F-E14B-9B62-29033D257F6E}
	EndProjectSection
EndProject
Project("{8BC9CEB8-8B4A-11D0-8D11-00A0C91BC942}") = "App_PhysicsServer_SharedMemory_VR", "App_PhysicsServer_SharedMemory_VR.vcxproj", "{AF6942FA-734A-7540-A4AD-BEB5F0236731}"
	ProjectSection(ProjectDependencies) = postProject
		{A44B4C86-6B65-4B4E-8C2E-7B7DB01A673D} = {A44B4C86-6B65-4B4E-8C2E-7B7DB01A673D}
		{56FA3A6C-AB66-D24F-AE21-B03DEBE8F8C8} = {56FA3A6C-AB66-D24F-AE21-B03DEBE8F8C8}
		{B0DC4F19-5C47-CD42-AE95-BD09091649C4} = {B0DC4F19-5C47-CD42-AE95-BD09091649C4}
		{72C3D9FC-7017-5940-A0F7-BAEDCF0315CA} = {72C3D9FC-7017-5940-A0F7-BAEDCF0315CA}
		{477B3C60-C14A-DC42-B4FE-9953DADAD450} = {477B3C60-C14A-DC42-B4FE-9953DADAD450}
		{CA0336C1-3EBD-4742-8B2F-7C915EDD56CF} = {CA0336C1-3EBD-4742-8B2F-7C915EDD56CF}
		{4A7076C9-2C18-0340-A072-CEC825616693} = {4A7076C9-2C18-0340-A072-CEC825616693}
		{42104BE7-8934-0847-9B6C-CB3854772363} = {42104BE7-8934-0847-9B6C-CB3854772363}
		{327D02BB-568F-E14B-9B62-29033D257F6E} = {327D02BB-568F-E14B-9B62-29033D257F6E}
	EndProjectSection
EndProject
Project("{8BC9CEB8-8B4A-11D0-8D11-00A0C91BC942}") = "App_PhysicsServerSharedMemoryBridgeUDP", "App_PhysicsServerSharedMemoryBridgeUDP.vcxproj", "{C6C8E6CE-8BCC-D04D-89E9-B12FD108523E}"
	ProjectSection(ProjectDependencies) = postProject
		{A4C78EE6-F0D9-7D4E-9301-F843EC81C989} = {A4C78EE6-F0D9-7D4E-9301-F843EC81C989}
		{48E167FF-9F2B-E84C-BAB8-9DDDCB8F4E7A} = {48E167FF-9F2B-E84C-BAB8-9DDDCB8F4E7A}
		{72C3D9FC-7017-5940-A0F7-BAEDCF0315CA} = {72C3D9FC-7017-5940-A0F7-BAEDCF0315CA}
		{4A7076C9-2C18-0340-A072-CEC825616693} = {4A7076C9-2C18-0340-A072-CEC825616693}
	EndProjectSection
EndProject
Project("{8BC9CEB8-8B4A-11D0-8D11-00A0C91BC942}") = "App_PhysicsServerUDP", "App_PhysicsServerUDP.vcxproj", "{69874BA0-BF2C-A44C-B936-14ECE102E120}"
	ProjectSection(ProjectDependencies) = postProject
		{A4C78EE6-F0D9-7D4E-9301-F843EC81C989} = {A4C78EE6-F0D9-7D4E-9301-F843EC81C989}
		{72C3D9FC-7017-5940-A0F7-BAEDCF0315CA} = {72C3D9FC-7017-5940-A0F7-BAEDCF0315CA}
		{56FA3A6C-AB66-D24F-AE21-B03DEBE8F8C8} = {56FA3A6C-AB66-D24F-AE21-B03DEBE8F8C8}
		{B0DC4F19-5C47-CD42-AE95-BD09091649C4} = {B0DC4F19-5C47-CD42-AE95-BD09091649C4}
		{A44B4C86-6B65-4B4E-8C2E-7B7DB01A673D} = {A44B4C86-6B65-4B4E-8C2E-7B7DB01A673D}
		{477B3C60-C14A-DC42-B4FE-9953DADAD450} = {477B3C60-C14A-DC42-B4FE-9953DADAD450}
		{CA0336C1-3EBD-4742-8B2F-7C915EDD56CF} = {CA0336C1-3EBD-4742-8B2F-7C915EDD56CF}
		{4A7076C9-2C18-0340-A072-CEC825616693} = {4A7076C9-2C18-0340-A072-CEC825616693}
		{327D02BB-568F-E14B-9B62-29033D257F6E} = {327D02BB-568F-E14B-9B62-29033D257F6E}
	EndProjectSection
EndProject
Project("{8BC9CEB8-8B4A-11D0-8D11-00A0C91BC942}") = "App_PhysicsServerSharedMemoryBridgeTCP", "App_PhysicsServerSharedMemoryBridgeTCP.vcxproj", "{DFB2A1D3-0337-CE49-A417-B3A10B15C755}"
	ProjectSection(ProjectDependencies) = postProject
		{64829C29-B676-4E43-95E2-53F6A10990C7} = {64829C29-B676-4E43-95E2-53F6A10990C7}
		{48E167FF-9F2B-E84C-BAB8-9DDDCB8F4E7A} = {48E167FF-9F2B-E84C-BAB8-9DDDCB8F4E7A}
		{72C3D9FC-7017-5940-A0F7-BAEDCF0315CA} = {72C3D9FC-7017-5940-A0F7-BAEDCF0315CA}
		{4A7076C9-2C18-0340-A072-CEC825616693} = {4A7076C9-2C18-0340-A072-CEC825616693}
	EndProjectSection
EndProject
Project("{8BC9CEB8-8B4A-11D0-8D11-00A0C91BC942}") = "App_PhysicsServerTCP", "App_PhysicsServerTCP.vcxproj", "{B13E2552-15E0-A140-9CDC-C204FD6BCAC9}"
	ProjectSection(ProjectDependencies) = postProject
		{64829C29-B676-4E43-95E2-53F6A10990C7} = {64829C29-B676-4E43-95E2-53F6A10990C7}
		{72C3D9FC-7017-5940-A0F7-BAEDCF0315CA} = {72C3D9FC-7017-5940-A0F7-BAEDCF0315CA}
		{56FA3A6C-AB66-D24F-AE21-B03DEBE8F8C8} = {56FA3A6C-AB66-D24F-AE21-B03DEBE8F8C8}
		{B0DC4F19-5C47-CD42-AE95-BD09091649C4} = {B0DC4F19-5C47-CD42-AE95-BD09091649C4}
		{A44B4C86-6B65-4B4E-8C2E-7B7DB01A673D} = {A44B4C86-6B65-4B4E-8C2E-7B7DB01A673D}
		{477B3C60-C14A-DC42-B4FE-9953DADAD450} = {477B3C60-C14A-DC42-B4FE-9953DADAD450}
		{CA0336C1-3EBD-4742-8B2F-7C915EDD56CF} = {CA0336C1-3EBD-4742-8B2F-7C915EDD56CF}
		{4A7076C9-2C18-0340-A072-CEC825616693} = {4A7076C9-2C18-0340-A072-CEC825616693}
		{327D02BB-568F-E14B-9B62-29033D257F6E} = {327D02BB-568F-E14B-9B62-29033D257F6E}
	EndProjectSection
EndProject
Project("{8BC9CEB8-8B4A-11D0-8D11-00A0C91BC942}") = "pybullet_testplugin", "pybullet_testplugin.vcxproj", "{8EF8676B-2C18-174E-B337-ED3D7709ED08}"
	ProjectSection(ProjectDependencies) = postProject
		{48E167FF-9F2B-E84C-BAB8-9DDDCB8F4E7A} = {48E167FF-9F2B-E84C-BAB8-9DDDCB8F4E7A}
		{72C3D9FC-7017-5940-A0F7-BAEDCF0315CA} = {72C3D9FC-7017-5940-A0F7-BAEDCF0315CA}
		{4A7076C9-2C18-0340-A072-CEC825616693} = {4A7076C9-2C18-0340-A072-CEC825616693}
	EndProjectSection
EndProject
Project("{8BC9CEB8-8B4A-11D0-8D11-00A0C91BC942}") = "pybullet_vrSyncPlugin", "pybullet_vrSyncPlugin.vcxproj", "{2A8059CD-9D59-F64E-B8ED-D9E696DA845E}"
	ProjectSection(ProjectDependencies) = postProject
		{48E167FF-9F2B-E84C-BAB8-9DDDCB8F4E7A} = {48E167FF-9F2B-E84C-BAB8-9DDDCB8F4E7A}
		{72C3D9FC-7017-5940-A0F7-BAEDCF0315CA} = {72C3D9FC-7017-5940-A0F7-BAEDCF0315CA}
		{4A7076C9-2C18-0340-A072-CEC825616693} = {4A7076C9-2C18-0340-A072-CEC825616693}
	EndProjectSection
EndProject
Project("{8BC9CEB8-8B4A-11D0-8D11-00A0C91BC942}") = "pybullet_tinyRendererPlugin", "pybullet_tinyRendererPlugin.vcxproj", "{7681106D-8EF0-594F-BCF6-8D88258F18B9}"
	ProjectSection(ProjectDependencies) = postProject
		{CA0336C1-3EBD-4742-8B2F-7C915EDD56CF} = {CA0336C1-3EBD-4742-8B2F-7C915EDD56CF}
		{72C3D9FC-7017-5940-A0F7-BAEDCF0315CA} = {72C3D9FC-7017-5940-A0F7-BAEDCF0315CA}
		{4A7076C9-2C18-0340-A072-CEC825616693} = {4A7076C9-2C18-0340-A072-CEC825616693}
	EndProjectSection
EndProject
Project("{8BC9CEB8-8B4A-11D0-8D11-00A0C91BC942}") = "BussIK", "BussIK.vcxproj", "{327D02BB-568F-E14B-9B62-29033D257F6E}"
EndProject
Project("{8BC9CEB8-8B4A-11D0-8D11-00A0C91BC942}") = "pybullet", "pybullet.vcxproj", "{64B4AE5A-E34D-E94E-8028-38AA3B4D15CF}"
	ProjectSection(ProjectDependencies) = postProject
		{0E735813-1555-5849-90F6-8CEE013AB048} = {0E735813-1555-5849-90F6-8CEE013AB048}
		{C78EBE34-ACBC-E341-B17F-AEBBB5C52488} = {C78EBE34-ACBC-E341-B17F-AEBBB5C52488}
		{48E167FF-9F2B-E84C-BAB8-9DDDCB8F4E7A} = {48E167FF-9F2B-E84C-BAB8-9DDDCB8F4E7A}
		{C5C3DA5D-0CBA-2A4F-ACC4-F52545E39B64} = {C5C3DA5D-0CBA-2A4F-ACC4-F52545E39B64}
		{42104BE7-8934-0847-9B6C-CB3854772363} = {42104BE7-8934-0847-9B6C-CB3854772363}
		{A44B4C86-6B65-4B4E-8C2E-7B7DB01A673D} = {A44B4C86-6B65-4B4E-8C2E-7B7DB01A673D}
		{56FA3A6C-AB66-D24F-AE21-B03DEBE8F8C8} = {56FA3A6C-AB66-D24F-AE21-B03DEBE8F8C8}
		{B0DC4F19-5C47-CD42-AE95-BD09091649C4} = {B0DC4F19-5C47-CD42-AE95-BD09091649C4}
		{477B3C60-C14A-DC42-B4FE-9953DADAD450} = {477B3C60-C14A-DC42-B4FE-9953DADAD450}
		{CA0336C1-3EBD-4742-8B2F-7C915EDD56CF} = {CA0336C1-3EBD-4742-8B2F-7C915EDD56CF}
		{4A7076C9-2C18-0340-A072-CEC825616693} = {4A7076C9-2C18-0340-A072-CEC825616693}
		{327D02BB-568F-E14B-9B62-29033D257F6E} = {327D02BB-568F-E14B-9B62-29033D257F6E}
		{72C3D9FC-7017-5940-A0F7-BAEDCF0315CA} = {72C3D9FC-7017-5940-A0F7-BAEDCF0315CA}
		{F73555C6-B995-B448-8531-E790116A7FD4} = {F73555C6-B995-B448-8531-E790116A7FD4}
		{17B5F139-44FA-0047-BCFB-58620722AC14} = {17B5F139-44FA-0047-BCFB-58620722AC14}
		{4B3F5F51-DAF8-704F-98A2-C79CE16268F7} = {4B3F5F51-DAF8-704F-98A2-C79CE16268F7}
		{9FCA7809-59F8-5942-8978-61BF44390D6F} = {9FCA7809-59F8-5942-8978-61BF44390D6F}
		{A4C78EE6-F0D9-7D4E-9301-F843EC81C989} = {A4C78EE6-F0D9-7D4E-9301-F843EC81C989}
		{64829C29-B676-4E43-95E2-53F6A10990C7} = {64829C29-B676-4E43-95E2-53F6A10990C7}
	EndProjectSection
EndProject
Project("{8BC9CEB8-8B4A-11D0-8D11-00A0C91BC942}") = "App_SimpleOpenGL3", "App_SimpleOpenGL3.vcxproj", "{A69AEBA9-64AA-C64F-A456-8058404CDFF0}"
	ProjectSection(ProjectDependencies) = postProject
		{42104BE7-8934-0847-9B6C-CB3854772363} = {42104BE7-8934-0847-9B6C-CB3854772363}
		{72C3D9FC-7017-5940-A0F7-BAEDCF0315CA} = {72C3D9FC-7017-5940-A0F7-BAEDCF0315CA}
	EndProjectSection
EndProject
Project("{8BC9CEB8-8B4A-11D0-8D11-00A0C91BC942}") = "Test_SharedMemoryPhysicsClient", "Test_SharedMemoryPhysicsClient.vcxproj", "{E1D85B3C-F674-8143-95F7-3232DBE651ED}"
	ProjectSection(ProjectDependencies) = postProject
		{48E167FF-9F2B-E84C-BAB8-9DDDCB8F4E7A} = {48E167FF-9F2B-E84C-BAB8-9DDDCB8F4E7A}
		{72C3D9FC-7017-5940-A0F7-BAEDCF0315CA} = {72C3D9FC-7017-5940-A0F7-BAEDCF0315CA}
		{4A7076C9-2C18-0340-A072-CEC825616693} = {4A7076C9-2C18-0340-A072-CEC825616693}
	EndProjectSection
EndProject
Project("{8BC9CEB8-8B4A-11D0-8D11-00A0C91BC942}") = "Test_PhysicsClientUDP", "Test_PhysicsClientUDP.vcxproj", "{2C17693F-89EA-8847-89D7-188ED22B75BE}"
	ProjectSection(ProjectDependencies) = postProject
		{A4C78EE6-F0D9-7D4E-9301-F843EC81C989} = {A4C78EE6-F0D9-7D4E-9301-F843EC81C989}
		{48E167FF-9F2B-E84C-BAB8-9DDDCB8F4E7A} = {48E167FF-9F2B-E84C-BAB8-9DDDCB8F4E7A}
		{72C3D9FC-7017-5940-A0F7-BAEDCF0315CA} = {72C3D9FC-7017-5940-A0F7-BAEDCF0315CA}
		{4A7076C9-2C18-0340-A072-CEC825616693} = {4A7076C9-2C18-0340-A072-CEC825616693}
	EndProjectSection
EndProject
Project("{8BC9CEB8-8B4A-11D0-8D11-00A0C91BC942}") = "Test_PhysicsClientTCP", "Test_PhysicsClientTCP.vcxproj", "{AC7F838B-35AB-D648-8D5A-B062C40E79A1}"
	ProjectSection(ProjectDependencies) = postProject
		{64829C29-B676-4E43-95E2-53F6A10990C7} = {64829C29-B676-4E43-95E2-53F6A10990C7}
		{48E167FF-9F2B-E84C-BAB8-9DDDCB8F4E7A} = {48E167FF-9F2B-E84C-BAB8-9DDDCB8F4E7A}
		{72C3D9FC-7017-5940-A0F7-BAEDCF0315CA} = {72C3D9FC-7017-5940-A0F7-BAEDCF0315CA}
		{4A7076C9-2C18-0340-A072-CEC825616693} = {4A7076C9-2C18-0340-A072-CEC825616693}
	EndProjectSection
EndProject
Project("{8BC9CEB8-8B4A-11D0-8D11-00A0C91BC942}") = "Test_PhysicsServerLoopBack", "Test_PhysicsServerLoopBack.vcxproj", "{37CBE895-6B8C-CC4B-9791-BF5B882B10B8}"
	ProjectSection(ProjectDependencies) = postProject
		{56FA3A6C-AB66-D24F-AE21-B03DEBE8F8C8} = {56FA3A6C-AB66-D24F-AE21-B03DEBE8F8C8}
		{B0DC4F19-5C47-CD42-AE95-BD09091649C4} = {B0DC4F19-5C47-CD42-AE95-BD09091649C4}
		{48E167FF-9F2B-E84C-BAB8-9DDDCB8F4E7A} = {48E167FF-9F2B-E84C-BAB8-9DDDCB8F4E7A}
		{C5C3DA5D-0CBA-2A4F-ACC4-F52545E39B64} = {C5C3DA5D-0CBA-2A4F-ACC4-F52545E39B64}
		{72C3D9FC-7017-5940-A0F7-BAEDCF0315CA} = {72C3D9FC-7017-5940-A0F7-BAEDCF0315CA}
		{477B3C60-C14A-DC42-B4FE-9953DADAD450} = {477B3C60-C14A-DC42-B4FE-9953DADAD450}
		{CA0336C1-3EBD-4742-8B2F-7C915EDD56CF} = {CA0336C1-3EBD-4742-8B2F-7C915EDD56CF}
		{327D02BB-568F-E14B-9B62-29033D257F6E} = {327D02BB-568F-E14B-9B62-29033D257F6E}
		{4A7076C9-2C18-0340-A072-CEC825616693} = {4A7076C9-2C18-0340-A072-CEC825616693}
	EndProjectSection
EndProject
Project("{8BC9CEB8-8B4A-11D0-8D11-00A0C91BC942}") = "Test_PhysicsServerDirect", "Test_PhysicsServerDirect.vcxproj", "{9F255CE6-1B27-2C44-BF74-BCE08EB4D5B5}"
	ProjectSection(ProjectDependencies) = postProject
		{56FA3A6C-AB66-D24F-AE21-B03DEBE8F8C8} = {56FA3A6C-AB66-D24F-AE21-B03DEBE8F8C8}
		{B0DC4F19-5C47-CD42-AE95-BD09091649C4} = {B0DC4F19-5C47-CD42-AE95-BD09091649C4}
		{48E167FF-9F2B-E84C-BAB8-9DDDCB8F4E7A} = {48E167FF-9F2B-E84C-BAB8-9DDDCB8F4E7A}
		{C5C3DA5D-0CBA-2A4F-ACC4-F52545E39B64} = {C5C3DA5D-0CBA-2A4F-ACC4-F52545E39B64}
		{72C3D9FC-7017-5940-A0F7-BAEDCF0315CA} = {72C3D9FC-7017-5940-A0F7-BAEDCF0315CA}
		{477B3C60-C14A-DC42-B4FE-9953DADAD450} = {477B3C60-C14A-DC42-B4FE-9953DADAD450}
		{CA0336C1-3EBD-4742-8B2F-7C915EDD56CF} = {CA0336C1-3EBD-4742-8B2F-7C915EDD56CF}
		{327D02BB-568F-E14B-9B62-29033D257F6E} = {327D02BB-568F-E14B-9B62-29033D257F6E}
		{4A7076C9-2C18-0340-A072-CEC825616693} = {4A7076C9-2C18-0340-A072-CEC825616693}
	EndProjectSection
EndProject
Project("{8BC9CEB8-8B4A-11D0-8D11-00A0C91BC942}") = "Test_PhysicsServerInProcessExampleBrowser", "Test_PhysicsServerInProcessExampleBrowser.vcxproj", "{210CFBF7-5345-CE4E-B0B9-DC04D1AD78C9}"
	ProjectSection(ProjectDependencies) = postProject
		{0E735813-1555-5849-90F6-8CEE013AB048} = {0E735813-1555-5849-90F6-8CEE013AB048}
		{C78EBE34-ACBC-E341-B17F-AEBBB5C52488} = {C78EBE34-ACBC-E341-B17F-AEBBB5C52488}
		{42104BE7-8934-0847-9B6C-CB3854772363} = {42104BE7-8934-0847-9B6C-CB3854772363}
		{48E167FF-9F2B-E84C-BAB8-9DDDCB8F4E7A} = {48E167FF-9F2B-E84C-BAB8-9DDDCB8F4E7A}
		{C5C3DA5D-0CBA-2A4F-ACC4-F52545E39B64} = {C5C3DA5D-0CBA-2A4F-ACC4-F52545E39B64}
		{A44B4C86-6B65-4B4E-8C2E-7B7DB01A673D} = {A44B4C86-6B65-4B4E-8C2E-7B7DB01A673D}
		{56FA3A6C-AB66-D24F-AE21-B03DEBE8F8C8} = {56FA3A6C-AB66-D24F-AE21-B03DEBE8F8C8}
		{B0DC4F19-5C47-CD42-AE95-BD09091649C4} = {B0DC4F19-5C47-CD42-AE95-BD09091649C4}
		{477B3C60-C14A-DC42-B4FE-9953DADAD450} = {477B3C60-C14A-DC42-B4FE-9953DADAD450}
		{CA0336C1-3EBD-4742-8B2F-7C915EDD56CF} = {CA0336C1-3EBD-4742-8B2F-7C915EDD56CF}
		{4A7076C9-2C18-0340-A072-CEC825616693} = {4A7076C9-2C18-0340-A072-CEC825616693}
		{327D02BB-568F-E14B-9B62-29033D257F6E} = {327D02BB-568F-E14B-9B62-29033D257F6E}
		{72C3D9FC-7017-5940-A0F7-BAEDCF0315CA} = {72C3D9FC-7017-5940-A0F7-BAEDCF0315CA}
		{F73555C6-B995-B448-8531-E790116A7FD4} = {F73555C6-B995-B448-8531-E790116A7FD4}
		{17B5F139-44FA-0047-BCFB-58620722AC14} = {17B5F139-44FA-0047-BCFB-58620722AC14}
		{4B3F5F51-DAF8-704F-98A2-C79CE16268F7} = {4B3F5F51-DAF8-704F-98A2-C79CE16268F7}
		{9FCA7809-59F8-5942-8978-61BF44390D6F} = {9FCA7809-59F8-5942-8978-61BF44390D6F}
	EndProjectSection
EndProject
Project("{8BC9CEB8-8B4A-11D0-8D11-00A0C91BC942}") = "rtMidiTest", "rtMidiTest.vcxproj", "{68AB5692-F4E7-6D48-91B4-682969E2D284}"
EndProject
Project("{8BC9CEB8-8B4A-11D0-8D11-00A0C91BC942}") = "clsocket", "clsocket.vcxproj", "{64829C29-B676-4E43-95E2-53F6A10990C7}"
EndProject
Project("{8BC9CEB8-8B4A-11D0-8D11-00A0C91BC942}") = "Test_clsocket_EchoServer", "Test_clsocket_EchoServer.vcxproj", "{C01EA0A0-E5DC-CF42-A359-883A413B6FB4}"
	ProjectSection(ProjectDependencies) = postProject
		{64829C29-B676-4E43-95E2-53F6A10990C7} = {64829C29-B676-4E43-95E2-53F6A10990C7}
	EndProjectSection
EndProject
Project("{8BC9CEB8-8B4A-11D0-8D11-00A0C91BC942}") = "Test_clsocket_QueryDayTime", "Test_clsocket_QueryDayTime.vcxproj", "{DC9BAAED-C51B-BF45-A88A-6A5023234F94}"
	ProjectSection(ProjectDependencies) = postProject
		{64829C29-B676-4E43-95E2-53F6A10990C7} = {64829C29-B676-4E43-95E2-53F6A10990C7}
	EndProjectSection
EndProject
Project("{8BC9CEB8-8B4A-11D0-8D11-00A0C91BC942}") = "enet", "enet.vcxproj", "{A4C78EE6-F0D9-7D4E-9301-F843EC81C989}"
EndProject
Project("{8BC9CEB8-8B4A-11D0-8D11-00A0C91BC942}") = "Test_enet_nat_punchthrough_client", "Test_enet_nat_punchthrough_client.vcxproj", "{2E0AF2E3-E3C9-284D-8B08-D2C14073782D}"
	ProjectSection(ProjectDependencies) = postProject
		{A4C78EE6-F0D9-7D4E-9301-F843EC81C989} = {A4C78EE6-F0D9-7D4E-9301-F843EC81C989}
	EndProjectSection
EndProject
Project("{8BC9CEB8-8B4A-11D0-8D11-00A0C91BC942}") = "Test_enet_nat_punchthrough_server", "Test_enet_nat_punchthrough_server.vcxproj", "{66E2B44C-A918-1242-836B-F45F6BF3EF28}"
	ProjectSection(ProjectDependencies) = postProject
		{A4C78EE6-F0D9-7D4E-9301-F843EC81C989} = {A4C78EE6-F0D9-7D4E-9301-F843EC81C989}
	EndProjectSection
EndProject
Project("{8BC9CEB8-8B4A-11D0-8D11-00A0C91BC942}") = "Test_enet_chat_client", "Test_enet_chat_client.vcxproj", "{32B78DE7-8B3A-4248-B735-2FD0BBB00DA4}"
	ProjectSection(ProjectDependencies) = postProject
		{A4C78EE6-F0D9-7D4E-9301-F843EC81C989} = {A4C78EE6-F0D9-7D4E-9301-F843EC81C989}
	EndProjectSection
EndProject
Project("{8BC9CEB8-8B4A-11D0-8D11-00A0C91BC942}") = "Test_enet_chat_server", "Test_enet_chat_server.vcxproj", "{8580E62C-BF9B-CA40-AE22-F8F3CFC106B6}"
	ProjectSection(ProjectDependencies) = postProject
		{A4C78EE6-F0D9-7D4E-9301-F843EC81C989} = {A4C78EE6-F0D9-7D4E-9301-F843EC81C989}
	EndProjectSection
EndProject
Project("{8BC9CEB8-8B4A-11D0-8D11-00A0C91BC942}") = "Bullet3Common", "Bullet3Common.vcxproj", "{72C3D9FC-7017-5940-A0F7-BAEDCF0315CA}"
EndProject
Project("{8BC9CEB8-8B4A-11D0-8D11-00A0C91BC942}") = "Bullet3Geometry", "Bullet3Geometry.vcxproj", "{9FCA7809-59F8-5942-8978-61BF44390D6F}"
EndProject
Project("{8BC9CEB8-8B4A-11D0-8D11-00A0C91BC942}") = "Bullet3Collision", "Bullet3Collision.vcxproj", "{4B3F5F51-DAF8-704F-98A2-C79CE16268F7}"
EndProject
Project("{8BC9CEB8-8B4A-11D0-8D11-00A0C91BC942}") = "Bullet3Dynamics", "Bullet3Dynamics.vcxproj", "{17B5F139-44FA-0047-BCFB-58620722AC14}"
EndProject
Project("{8BC9CEB8-8B4A-11D0-8D11-00A0C91BC942}") = "Bullet3OpenCL_clew", "Bullet3OpenCL_clew.vcxproj", "{F73555C6-B995-B448-8531-E790116A7FD4}"
EndProject
Project("{8BC9CEB8-8B4A-11D0-8D11-00A0C91BC942}") = "Bullet2FileLoader", "Bullet2FileLoader.vcxproj", "{58E87D2B-69A1-B14D-9B67-C2C256C15492}"
EndProject
Project("{8BC9CEB8-8B4A-11D0-8D11-00A0C91BC942}") = "HACD", "HACD.vcxproj", "{E7FB0A3D-ED62-8948-8E47-28BAB54A7403}"
EndProject
Project("{8BC9CEB8-8B4A-11D0-8D11-00A0C91BC942}") = "vhacd", "vhacd.vcxproj", "{BBC650D2-4D2B-4F41-BAA3-7C4ADA2449FA}"
EndProject
Project("{8BC9CEB8-8B4A-11D0-8D11-00A0C91BC942}") = "test_vhacd", "test_vhacd.vcxproj", "{DEF42CA7-634B-BF4E-9E89-E1063513AE3F}"
	ProjectSection(ProjectDependencies) = postProject
		{BBC650D2-4D2B-4F41-BAA3-7C4ADA2449FA} = {BBC650D2-4D2B-4F41-BAA3-7C4ADA2449FA}
	EndProjectSection
EndProject
Project("{8BC9CEB8-8B4A-11D0-8D11-00A0C91BC942}") = "ConvexDecomposition", "ConvexDecomposition.vcxproj", "{8E849012-EFD3-2F41-AC4D-F318EBEE362B}"
EndProject
Project("{8BC9CEB8-8B4A-11D0-8D11-00A0C91BC942}") = "BulletInverseDynamicsUtils", "BulletInverseDynamicsUtils.vcxproj", "{56FA3A6C-AB66-D24F-AE21-B03DEBE8F8C8}"
EndProject
Project("{8BC9CEB8-8B4A-11D0-8D11-00A0C91BC942}") = "BulletFileLoader", "BulletFileLoader.vcxproj", "{48E167FF-9F2B-E84C-BAB8-9DDDCB8F4E7A}"
EndProject
Project("{8BC9CEB8-8B4A-11D0-8D11-00A0C91BC942}") = "BulletWorldImporter", "BulletWorldImporter.vcxproj", "{C5C3DA5D-0CBA-2A4F-ACC4-F52545E39B64}"
EndProject
Project("{8BC9CEB8-8B4A-11D0-8D11-00A0C91BC942}") = "BulletXmlWorldImporter", "BulletXmlWorldImporter.vcxproj", "{0FD5AE9B-CB63-6B4D-89F6-9638938475ED}"
EndProject
Project("{8BC9CEB8-8B4A-11D0-8D11-00A0C91BC942}") = "App_obj2sdf", "App_obj2sdf.vcxproj", "{84B7B22C-3227-C646-A475-C5D644F11F1B}"
	ProjectSection(ProjectDependencies) = postProject
		{72C3D9FC-7017-5940-A0F7-BAEDCF0315CA} = {72C3D9FC-7017-5940-A0F7-BAEDCF0315CA}
	EndProjectSection
EndProject
Project("{8BC9CEB8-8B4A-11D0-8D11-00A0C91BC942}") = "Test_LinearMath", "Test_LinearMath.vcxproj", "{5A2421DC-B3F1-CC46-B3B9-D35AC3F5E4D1}"
	ProjectSection(ProjectDependencies) = postProject
		{477B3C60-C14A-DC42-B4FE-9953DADAD450} = {477B3C60-C14A-DC42-B4FE-9953DADAD450}
		{CA0336C1-3EBD-4742-8B2F-7C915EDD56CF} = {CA0336C1-3EBD-4742-8B2F-7C915EDD56CF}
		{4A7076C9-2C18-0340-A072-CEC825616693} = {4A7076C9-2C18-0340-A072-CEC825616693}
	EndProjectSection
EndProject
Project("{8BC9CEB8-8B4A-11D0-8D11-00A0C91BC942}") = "gtest", "gtest.vcxproj", "{AECF9221-80B8-4947-BEA3-58B2E741D6FD}"
EndProject
Project("{8BC9CEB8-8B4A-11D0-8D11-00A0C91BC942}") = "Test_BulletCollision", "Test_BulletCollision.vcxproj", "{63B3EF95-F6E7-B544-BDC6-F883A16F5157}"
	ProjectSection(ProjectDependencies) = postProject
		{4A7076C9-2C18-0340-A072-CEC825616693} = {4A7076C9-2C18-0340-A072-CEC825616693}
		{AECF9221-80B8-4947-BEA3-58B2E741D6FD} = {AECF9221-80B8-4947-BEA3-58B2E741D6FD}
	EndProjectSection
EndProject
Project("{8BC9CEB8-8B4A-11D0-8D11-00A0C91BC942}") = "Test_BulletDynamics", "Test_BulletDynamics.vcxproj", "{3ED740E9-61A8-0249-9F71-9B5134FF1016}"
	ProjectSection(ProjectDependencies) = postProject
		{477B3C60-C14A-DC42-B4FE-9953DADAD450} = {477B3C60-C14A-DC42-B4FE-9953DADAD450}
		{CA0336C1-3EBD-4742-8B2F-7C915EDD56CF} = {CA0336C1-3EBD-4742-8B2F-7C915EDD56CF}
		{4A7076C9-2C18-0340-A072-CEC825616693} = {4A7076C9-2C18-0340-A072-CEC825616693}
		{AECF9221-80B8-4947-BEA3-58B2E741D6FD} = {AECF9221-80B8-4947-BEA3-58B2E741D6FD}
	EndProjectSection
EndProject
Project("{8BC9CEB8-8B4A-11D0-8D11-00A0C91BC942}") = "Test_InverseDynamicsKinematics", "Test_InverseDynamicsKinematics.vcxproj", "{8FAC2475-34CE-1D4D-935E-030BCD2ECCAF}"
	ProjectSection(ProjectDependencies) = postProject
		{56FA3A6C-AB66-D24F-AE21-B03DEBE8F8C8} = {56FA3A6C-AB66-D24F-AE21-B03DEBE8F8C8}
		{B0DC4F19-5C47-CD42-AE95-BD09091649C4} = {B0DC4F19-5C47-CD42-AE95-BD09091649C4}
		{72C3D9FC-7017-5940-A0F7-BAEDCF0315CA} = {72C3D9FC-7017-5940-A0F7-BAEDCF0315CA}
		{4A7076C9-2C18-0340-A072-CEC825616693} = {4A7076C9-2C18-0340-A072-CEC825616693}
		{AECF9221-80B8-4947-BEA3-58B2E741D6FD} = {AECF9221-80B8-4947-BEA3-58B2E741D6FD}
	EndProjectSection
EndProject
Project("{8BC9CEB8-8B4A-11D0-8D11-00A0C91BC942}") = "Test_InverseDynamicsJacobian", "Test_InverseDynamicsJacobian.vcxproj", "{4F8FBA5E-1CFD-6845-ACCC-F04DC4BDEBCD}"
	ProjectSection(ProjectDependencies) = postProject
		{56FA3A6C-AB66-D24F-AE21-B03DEBE8F8C8} = {56FA3A6C-AB66-D24F-AE21-B03DEBE8F8C8}
		{B0DC4F19-5C47-CD42-AE95-BD09091649C4} = {B0DC4F19-5C47-CD42-AE95-BD09091649C4}
		{72C3D9FC-7017-5940-A0F7-BAEDCF0315CA} = {72C3D9FC-7017-5940-A0F7-BAEDCF0315CA}
		{4A7076C9-2C18-0340-A072-CEC825616693} = {4A7076C9-2C18-0340-A072-CEC825616693}
		{AECF9221-80B8-4947-BEA3-58B2E741D6FD} = {AECF9221-80B8-4947-BEA3-58B2E741D6FD}
	EndProjectSection
EndProject
Project("{8BC9CEB8-8B4A-11D0-8D11-00A0C91BC942}") = "Test_InverseForwardDynamics", "Test_InverseForwardDynamics.vcxproj", "{D063901D-A342-DE4B-8D3A-F2BFD5F2EFD4}"
	ProjectSection(ProjectDependencies) = postProject
		{477B3C60-C14A-DC42-B4FE-9953DADAD450} = {477B3C60-C14A-DC42-B4FE-9953DADAD450}
		{CA0336C1-3EBD-4742-8B2F-7C915EDD56CF} = {CA0336C1-3EBD-4742-8B2F-7C915EDD56CF}
		{56FA3A6C-AB66-D24F-AE21-B03DEBE8F8C8} = {56FA3A6C-AB66-D24F-AE21-B03DEBE8F8C8}
		{B0DC4F19-5C47-CD42-AE95-BD09091649C4} = {B0DC4F19-5C47-CD42-AE95-BD09091649C4}
		{72C3D9FC-7017-5940-A0F7-BAEDCF0315CA} = {72C3D9FC-7017-5940-A0F7-BAEDCF0315CA}
		{4A7076C9-2C18-0340-A072-CEC825616693} = {4A7076C9-2C18-0340-A072-CEC825616693}
		{AECF9221-80B8-4947-BEA3-58B2E741D6FD} = {AECF9221-80B8-4947-BEA3-58B2E741D6FD}
	EndProjectSection
EndProject
Project("{8BC9CEB8-8B4A-11D0-8D11-00A0C91BC942}") = "Test_OpenCL_Bullet3", "Test_OpenCL_Bullet3.vcxproj", "{A9B6F27C-AED8-9444-B42C-1696A0FE418B}"
	ProjectSection(ProjectDependencies) = postProject
		{AECF9221-80B8-4947-BEA3-58B2E741D6FD} = {AECF9221-80B8-4947-BEA3-58B2E741D6FD}
		{F73555C6-B995-B448-8531-E790116A7FD4} = {F73555C6-B995-B448-8531-E790116A7FD4}
		{72C3D9FC-7017-5940-A0F7-BAEDCF0315CA} = {72C3D9FC-7017-5940-A0F7-BAEDCF0315CA}
	EndProjectSection
EndProject
Project("{8BC9CEB8-8B4A-11D0-8D11-00A0C91BC942}") = "Test_Gwen_OpenGL", "Test_Gwen_OpenGL.vcxproj", "{B844CEC8-8049-E64F-ADC6-8472BB79298A}"
	ProjectSection(ProjectDependencies) = postProject
		{C78EBE34-ACBC-E341-B17F-AEBBB5C52488} = {C78EBE34-ACBC-E341-B17F-AEBBB5C52488}
		{72C3D9FC-7017-5940-A0F7-BAEDCF0315CA} = {72C3D9FC-7017-5940-A0F7-BAEDCF0315CA}
	EndProjectSection
EndProject
Project("{8BC9CEB8-8B4A-11D0-8D11-00A0C91BC942}") = "BulletInverseDynamics", "BulletInverseDynamics.vcxproj", "{B0DC4F19-5C47-CD42-AE95-BD09091649C4}"
EndProject
Project("{8BC9CEB8-8B4A-11D0-8D11-00A0C91BC942}") = "BulletSoftBody", "BulletSoftBody.vcxproj", "{A44B4C86-6B65-4B4E-8C2E-7B7DB01A673D}"
EndProject
Project("{8BC9CEB8-8B4A-11D0-8D11-00A0C91BC942}") = "BulletDynamics", "BulletDynamics.vcxproj", "{477B3C60-C14A-DC42-B4FE-9953DADAD450}"
EndProject
Project("{8BC9CEB8-8B4A-11D0-8D11-00A0C91BC942}") = "BulletCollision", "BulletCollision.vcxproj", "{CA0336C1-3EBD-4742-8B2F-7C915EDD56CF}"
EndProject
Project("{8BC9CEB8-8B4A-11D0-8D11-00A0C91BC942}") = "LinearMath", "LinearMath.vcxproj", "{4A7076C9-2C18-0340-A072-CEC825616693}"
EndProject
Global
	GlobalSection(SolutionConfigurationPlatforms) = preSolution
		Release|Win32 = Release|Win32
		Release|x64 = Release|x64
		Debug|Win32 = Debug|Win32
		Debug|x64 = Debug|x64
	EndGlobalSection
	GlobalSection(ProjectConfigurationPlatforms) = postSolution
		{94B3DE0A-23CC-FE49-AC54-F430653D53D8}.Release|Win32.ActiveCfg = Release|Win32
		{94B3DE0A-23CC-FE49-AC54-F430653D53D8}.Release|Win32.Build.0 = Release|Win32
		{94B3DE0A-23CC-FE49-AC54-F430653D53D8}.Release|x64.ActiveCfg = Release|x64
		{94B3DE0A-23CC-FE49-AC54-F430653D53D8}.Release|x64.Build.0 = Release|x64
		{94B3DE0A-23CC-FE49-AC54-F430653D53D8}.Debug|Win32.ActiveCfg = Debug|Win32
		{94B3DE0A-23CC-FE49-AC54-F430653D53D8}.Debug|Win32.Build.0 = Debug|Win32
		{94B3DE0A-23CC-FE49-AC54-F430653D53D8}.Debug|x64.ActiveCfg = Debug|x64
		{94B3DE0A-23CC-FE49-AC54-F430653D53D8}.Debug|x64.Build.0 = Debug|x64
		{0E735813-1555-5849-90F6-8CEE013AB048}.Release|Win32.ActiveCfg = Release|Win32
		{0E735813-1555-5849-90F6-8CEE013AB048}.Release|Win32.Build.0 = Release|Win32
		{0E735813-1555-5849-90F6-8CEE013AB048}.Release|x64.ActiveCfg = Release|x64
		{0E735813-1555-5849-90F6-8CEE013AB048}.Release|x64.Build.0 = Release|x64
		{0E735813-1555-5849-90F6-8CEE013AB048}.Debug|Win32.ActiveCfg = Debug|Win32
		{0E735813-1555-5849-90F6-8CEE013AB048}.Debug|Win32.Build.0 = Debug|Win32
		{0E735813-1555-5849-90F6-8CEE013AB048}.Debug|x64.ActiveCfg = Debug|x64
		{0E735813-1555-5849-90F6-8CEE013AB048}.Debug|x64.Build.0 = Debug|x64
		{CBC37F46-F8DD-874D-956B-FDFE8894F09B}.Release|Win32.ActiveCfg = Release|Win32
		{CBC37F46-F8DD-874D-956B-FDFE8894F09B}.Release|Win32.Build.0 = Release|Win32
		{CBC37F46-F8DD-874D-956B-FDFE8894F09B}.Release|x64.ActiveCfg = Release|x64
		{CBC37F46-F8DD-874D-956B-FDFE8894F09B}.Release|x64.Build.0 = Release|x64
		{CBC37F46-F8DD-874D-956B-FDFE8894F09B}.Debug|Win32.ActiveCfg = Debug|Win32
		{CBC37F46-F8DD-874D-956B-FDFE8894F09B}.Debug|Win32.Build.0 = Debug|Win32
		{CBC37F46-F8DD-874D-956B-FDFE8894F09B}.Debug|x64.ActiveCfg = Debug|x64
		{CBC37F46-F8DD-874D-956B-FDFE8894F09B}.Debug|x64.Build.0 = Debug|x64
		{42104BE7-8934-0847-9B6C-CB3854772363}.Release|Win32.ActiveCfg = Release|Win32
		{42104BE7-8934-0847-9B6C-CB3854772363}.Release|Win32.Build.0 = Release|Win32
		{42104BE7-8934-0847-9B6C-CB3854772363}.Release|x64.ActiveCfg = Release|x64
		{42104BE7-8934-0847-9B6C-CB3854772363}.Release|x64.Build.0 = Release|x64
		{42104BE7-8934-0847-9B6C-CB3854772363}.Debug|Win32.ActiveCfg = Debug|Win32
		{42104BE7-8934-0847-9B6C-CB3854772363}.Debug|Win32.Build.0 = Debug|Win32
		{42104BE7-8934-0847-9B6C-CB3854772363}.Debug|x64.ActiveCfg = Debug|x64
		{42104BE7-8934-0847-9B6C-CB3854772363}.Debug|x64.Build.0 = Debug|x64
		{C78EBE34-ACBC-E341-B17F-AEBBB5C52488}.Release|Win32.ActiveCfg = Release|Win32
		{C78EBE34-ACBC-E341-B17F-AEBBB5C52488}.Release|Win32.Build.0 = Release|Win32
		{C78EBE34-ACBC-E341-B17F-AEBBB5C52488}.Release|x64.ActiveCfg = Release|x64
		{C78EBE34-ACBC-E341-B17F-AEBBB5C52488}.Release|x64.Build.0 = Release|x64
		{C78EBE34-ACBC-E341-B17F-AEBBB5C52488}.Debug|Win32.ActiveCfg = Debug|Win32
		{C78EBE34-ACBC-E341-B17F-AEBBB5C52488}.Debug|Win32.Build.0 = Debug|Win32
		{C78EBE34-ACBC-E341-B17F-AEBBB5C52488}.Debug|x64.ActiveCfg = Debug|x64
		{C78EBE34-ACBC-E341-B17F-AEBBB5C52488}.Debug|x64.Build.0 = Debug|x64
		{13B3978B-A817-534D-B4C6-10B5DE6B9FB5}.Release|Win32.ActiveCfg = Release|Win32
		{13B3978B-A817-534D-B4C6-10B5DE6B9FB5}.Release|Win32.Build.0 = Release|Win32
		{13B3978B-A817-534D-B4C6-10B5DE6B9FB5}.Release|x64.ActiveCfg = Release|x64
		{13B3978B-A817-534D-B4C6-10B5DE6B9FB5}.Release|x64.Build.0 = Release|x64
		{13B3978B-A817-534D-B4C6-10B5DE6B9FB5}.Debug|Win32.ActiveCfg = Debug|Win32
		{13B3978B-A817-534D-B4C6-10B5DE6B9FB5}.Debug|Win32.Build.0 = Debug|Win32
		{13B3978B-A817-534D-B4C6-10B5DE6B9FB5}.Debug|x64.ActiveCfg = Debug|x64
		{13B3978B-A817-534D-B4C6-10B5DE6B9FB5}.Debug|x64.Build.0 = Debug|x64
		{C0609875-23E6-2442-AA2D-E457B850DDF9}.Release|Win32.ActiveCfg = Release|Win32
		{C0609875-23E6-2442-AA2D-E457B850DDF9}.Release|Win32.Build.0 = Release|Win32
		{C0609875-23E6-2442-AA2D-E457B850DDF9}.Release|x64.ActiveCfg = Release|x64
		{C0609875-23E6-2442-AA2D-E457B850DDF9}.Release|x64.Build.0 = Release|x64
		{C0609875-23E6-2442-AA2D-E457B850DDF9}.Debug|Win32.ActiveCfg = Debug|Win32
		{C0609875-23E6-2442-AA2D-E457B850DDF9}.Debug|Win32.Build.0 = Debug|Win32
		{C0609875-23E6-2442-AA2D-E457B850DDF9}.Debug|x64.ActiveCfg = Debug|x64
		{C0609875-23E6-2442-AA2D-E457B850DDF9}.Debug|x64.Build.0 = Debug|x64
		{F507AE53-6C6E-9C42-A757-AB13F2C2B239}.Release|Win32.ActiveCfg = Release|Win32
		{F507AE53-6C6E-9C42-A757-AB13F2C2B239}.Release|Win32.Build.0 = Release|Win32
		{F507AE53-6C6E-9C42-A757-AB13F2C2B239}.Release|x64.ActiveCfg = Release|x64
		{F507AE53-6C6E-9C42-A757-AB13F2C2B239}.Release|x64.Build.0 = Release|x64
		{F507AE53-6C6E-9C42-A757-AB13F2C2B239}.Debug|Win32.ActiveCfg = Debug|Win32
		{F507AE53-6C6E-9C42-A757-AB13F2C2B239}.Debug|Win32.Build.0 = Debug|Win32
		{F507AE53-6C6E-9C42-A757-AB13F2C2B239}.Debug|x64.ActiveCfg = Debug|x64
		{F507AE53-6C6E-9C42-A757-AB13F2C2B239}.Debug|x64.Build.0 = Debug|x64
		{AF6942FA-734A-7540-A4AD-BEB5F0236731}.Release|Win32.ActiveCfg = Release|Win32
		{AF6942FA-734A-7540-A4AD-BEB5F0236731}.Release|Win32.Build.0 = Release|Win32
		{AF6942FA-734A-7540-A4AD-BEB5F0236731}.Release|x64.ActiveCfg = Release|x64
		{AF6942FA-734A-7540-A4AD-BEB5F0236731}.Release|x64.Build.0 = Release|x64
		{AF6942FA-734A-7540-A4AD-BEB5F0236731}.Debug|Win32.ActiveCfg = Debug|Win32
		{AF6942FA-734A-7540-A4AD-BEB5F0236731}.Debug|Win32.Build.0 = Debug|Win32
		{AF6942FA-734A-7540-A4AD-BEB5F0236731}.Debug|x64.ActiveCfg = Debug|x64
		{AF6942FA-734A-7540-A4AD-BEB5F0236731}.Debug|x64.Build.0 = Debug|x64
		{C6C8E6CE-8BCC-D04D-89E9-B12FD108523E}.Release|Win32.ActiveCfg = Release|Win32
		{C6C8E6CE-8BCC-D04D-89E9-B12FD108523E}.Release|Win32.Build.0 = Release|Win32
		{C6C8E6CE-8BCC-D04D-89E9-B12FD108523E}.Release|x64.ActiveCfg = Release|x64
		{C6C8E6CE-8BCC-D04D-89E9-B12FD108523E}.Release|x64.Build.0 = Release|x64
		{C6C8E6CE-8BCC-D04D-89E9-B12FD108523E}.Debug|Win32.ActiveCfg = Debug|Win32
		{C6C8E6CE-8BCC-D04D-89E9-B12FD108523E}.Debug|Win32.Build.0 = Debug|Win32
		{C6C8E6CE-8BCC-D04D-89E9-B12FD108523E}.Debug|x64.ActiveCfg = Debug|x64
		{C6C8E6CE-8BCC-D04D-89E9-B12FD108523E}.Debug|x64.Build.0 = Debug|x64
		{69874BA0-BF2C-A44C-B936-14ECE102E120}.Release|Win32.ActiveCfg = Release|Win32
		{69874BA0-BF2C-A44C-B936-14ECE102E120}.Release|Win32.Build.0 = Release|Win32
		{69874BA0-BF2C-A44C-B936-14ECE102E120}.Release|x64.ActiveCfg = Release|x64
		{69874BA0-BF2C-A44C-B936-14ECE102E120}.Release|x64.Build.0 = Release|x64
		{69874BA0-BF2C-A44C-B936-14ECE102E120}.Debug|Win32.ActiveCfg = Debug|Win32
		{69874BA0-BF2C-A44C-B936-14ECE102E120}.Debug|Win32.Build.0 = Debug|Win32
		{69874BA0-BF2C-A44C-B936-14ECE102E120}.Debug|x64.ActiveCfg = Debug|x64
		{69874BA0-BF2C-A44C-B936-14ECE102E120}.Debug|x64.Build.0 = Debug|x64
		{DFB2A1D3-0337-CE49-A417-B3A10B15C755}.Release|Win32.ActiveCfg = Release|Win32
		{DFB2A1D3-0337-CE49-A417-B3A10B15C755}.Release|Win32.Build.0 = Release|Win32
		{DFB2A1D3-0337-CE49-A417-B3A10B15C755}.Release|x64.ActiveCfg = Release|x64
		{DFB2A1D3-0337-CE49-A417-B3A10B15C755}.Release|x64.Build.0 = Release|x64
		{DFB2A1D3-0337-CE49-A417-B3A10B15C755}.Debug|Win32.ActiveCfg = Debug|Win32
		{DFB2A1D3-0337-CE49-A417-B3A10B15C755}.Debug|Win32.Build.0 = Debug|Win32
		{DFB2A1D3-0337-CE49-A417-B3A10B15C755}.Debug|x64.ActiveCfg = Debug|x64
		{DFB2A1D3-0337-CE49-A417-B3A10B15C755}.Debug|x64.Build.0 = Debug|x64
		{B13E2552-15E0-A140-9CDC-C204FD6BCAC9}.Release|Win32.ActiveCfg = Release|Win32
		{B13E2552-15E0-A140-9CDC-C204FD6BCAC9}.Release|Win32.Build.0 = Release|Win32
		{B13E2552-15E0-A140-9CDC-C204FD6BCAC9}.Release|x64.ActiveCfg = Release|x64
		{B13E2552-15E0-A140-9CDC-C204FD6BCAC9}.Release|x64.Build.0 = Release|x64
		{B13E2552-15E0-A140-9CDC-C204FD6BCAC9}.Debug|Win32.ActiveCfg = Debug|Win32
		{B13E2552-15E0-A140-9CDC-C204FD6BCAC9}.Debug|Win32.Build.0 = Debug|Win32
		{B13E2552-15E0-A140-9CDC-C204FD6BCAC9}.Debug|x64.ActiveCfg = Debug|x64
		{B13E2552-15E0-A140-9CDC-C204FD6BCAC9}.Debug|x64.Build.0 = Debug|x64
		{8EF8676B-2C18-174E-B337-ED3D7709ED08}.Release|Win32.ActiveCfg = Release|Win32
		{8EF8676B-2C18-174E-B337-ED3D7709ED08}.Release|Win32.Build.0 = Release|Win32
		{8EF8676B-2C18-174E-B337-ED3D7709ED08}.Release|x64.ActiveCfg = Release|x64
		{8EF8676B-2C18-174E-B337-ED3D7709ED08}.Release|x64.Build.0 = Release|x64
		{8EF8676B-2C18-174E-B337-ED3D7709ED08}.Debug|Win32.ActiveCfg = Debug|Win32
		{8EF8676B-2C18-174E-B337-ED3D7709ED08}.Debug|Win32.Build.0 = Debug|Win32
		{8EF8676B-2C18-174E-B337-ED3D7709ED08}.Debug|x64.ActiveCfg = Debug|x64
		{8EF8676B-2C18-174E-B337-ED3D7709ED08}.Debug|x64.Build.0 = Debug|x64
		{2A8059CD-9D59-F64E-B8ED-D9E696DA845E}.Release|Win32.ActiveCfg = Release|Win32
		{2A8059CD-9D59-F64E-B8ED-D9E696DA845E}.Release|Win32.Build.0 = Release|Win32
		{2A8059CD-9D59-F64E-B8ED-D9E696DA845E}.Release|x64.ActiveCfg = Release|x64
		{2A8059CD-9D59-F64E-B8ED-D9E696DA845E}.Release|x64.Build.0 = Release|x64
		{2A8059CD-9D59-F64E-B8ED-D9E696DA845E}.Debug|Win32.ActiveCfg = Debug|Win32
		{2A8059CD-9D59-F64E-B8ED-D9E696DA845E}.Debug|Win32.Build.0 = Debug|Win32
		{2A8059CD-9D59-F64E-B8ED-D9E696DA845E}.Debug|x64.ActiveCfg = Debug|x64
		{2A8059CD-9D59-F64E-B8ED-D9E696DA845E}.Debug|x64.Build.0 = Debug|x64
		{7681106D-8EF0-594F-BCF6-8D88258F18B9}.Release|Win32.ActiveCfg = Release|Win32
		{7681106D-8EF0-594F-BCF6-8D88258F18B9}.Release|Win32.Build.0 = Release|Win32
		{7681106D-8EF0-594F-BCF6-8D88258F18B9}.Release|x64.ActiveCfg = Release|x64
		{7681106D-8EF0-594F-BCF6-8D88258F18B9}.Release|x64.Build.0 = Release|x64
		{7681106D-8EF0-594F-BCF6-8D88258F18B9}.Debug|Win32.ActiveCfg = Debug|Win32
		{7681106D-8EF0-594F-BCF6-8D88258F18B9}.Debug|Win32.Build.0 = Debug|Win32
		{7681106D-8EF0-594F-BCF6-8D88258F18B9}.Debug|x64.ActiveCfg = Debug|x64
		{7681106D-8EF0-594F-BCF6-8D88258F18B9}.Debug|x64.Build.0 = Debug|x64
		{327D02BB-568F-E14B-9B62-29033D257F6E}.Release|Win32.ActiveCfg = Release|Win32
		{327D02BB-568F-E14B-9B62-29033D257F6E}.Release|Win32.Build.0 = Release|Win32
		{327D02BB-568F-E14B-9B62-29033D257F6E}.Release|x64.ActiveCfg = Release|x64
		{327D02BB-568F-E14B-9B62-29033D257F6E}.Release|x64.Build.0 = Release|x64
		{327D02BB-568F-E14B-9B62-29033D257F6E}.Debug|Win32.ActiveCfg = Debug|Win32
		{327D02BB-568F-E14B-9B62-29033D257F6E}.Debug|Win32.Build.0 = Debug|Win32
		{327D02BB-568F-E14B-9B62-29033D257F6E}.Debug|x64.ActiveCfg = Debug|x64
		{327D02BB-568F-E14B-9B62-29033D257F6E}.Debug|x64.Build.0 = Debug|x64
		{64B4AE5A-E34D-E94E-8028-38AA3B4D15CF}.Release|Win32.ActiveCfg = Release|Win32
		{64B4AE5A-E34D-E94E-8028-38AA3B4D15CF}.Release|Win32.Build.0 = Release|Win32
		{64B4AE5A-E34D-E94E-8028-38AA3B4D15CF}.Release|x64.ActiveCfg = Release|x64
		{64B4AE5A-E34D-E94E-8028-38AA3B4D15CF}.Release|x64.Build.0 = Release|x64
		{64B4AE5A-E34D-E94E-8028-38AA3B4D15CF}.Debug|Win32.ActiveCfg = Debug|Win32
		{64B4AE5A-E34D-E94E-8028-38AA3B4D15CF}.Debug|Win32.Build.0 = Debug|Win32
		{64B4AE5A-E34D-E94E-8028-38AA3B4D15CF}.Debug|x64.ActiveCfg = Debug|x64
		{64B4AE5A-E34D-E94E-8028-38AA3B4D15CF}.Debug|x64.Build.0 = Debug|x64
		{A69AEBA9-64AA-C64F-A456-8058404CDFF0}.Release|Win32.ActiveCfg = Release|Win32
		{A69AEBA9-64AA-C64F-A456-8058404CDFF0}.Release|Win32.Build.0 = Release|Win32
		{A69AEBA9-64AA-C64F-A456-8058404CDFF0}.Release|x64.ActiveCfg = Release|x64
		{A69AEBA9-64AA-C64F-A456-8058404CDFF0}.Release|x64.Build.0 = Release|x64
		{A69AEBA9-64AA-C64F-A456-8058404CDFF0}.Debug|Win32.ActiveCfg = Debug|Win32
		{A69AEBA9-64AA-C64F-A456-8058404CDFF0}.Debug|Win32.Build.0 = Debug|Win32
		{A69AEBA9-64AA-C64F-A456-8058404CDFF0}.Debug|x64.ActiveCfg = Debug|x64
		{A69AEBA9-64AA-C64F-A456-8058404CDFF0}.Debug|x64.Build.0 = Debug|x64
		{E1D85B3C-F674-8143-95F7-3232DBE651ED}.Release|Win32.ActiveCfg = Release|Win32
		{E1D85B3C-F674-8143-95F7-3232DBE651ED}.Release|Win32.Build.0 = Release|Win32
		{E1D85B3C-F674-8143-95F7-3232DBE651ED}.Release|x64.ActiveCfg = Release|x64
		{E1D85B3C-F674-8143-95F7-3232DBE651ED}.Release|x64.Build.0 = Release|x64
		{E1D85B3C-F674-8143-95F7-3232DBE651ED}.Debug|Win32.ActiveCfg = Debug|Win32
		{E1D85B3C-F674-8143-95F7-3232DBE651ED}.Debug|Win32.Build.0 = Debug|Win32
		{E1D85B3C-F674-8143-95F7-3232DBE651ED}.Debug|x64.ActiveCfg = Debug|x64
		{E1D85B3C-F674-8143-95F7-3232DBE651ED}.Debug|x64.Build.0 = Debug|x64
		{2C17693F-89EA-8847-89D7-188ED22B75BE}.Release|Win32.ActiveCfg = Release|Win32
		{2C17693F-89EA-8847-89D7-188ED22B75BE}.Release|Win32.Build.0 = Release|Win32
		{2C17693F-89EA-8847-89D7-188ED22B75BE}.Release|x64.ActiveCfg = Release|x64
		{2C17693F-89EA-8847-89D7-188ED22B75BE}.Release|x64.Build.0 = Release|x64
		{2C17693F-89EA-8847-89D7-188ED22B75BE}.Debug|Win32.ActiveCfg = Debug|Win32
		{2C17693F-89EA-8847-89D7-188ED22B75BE}.Debug|Win32.Build.0 = Debug|Win32
		{2C17693F-89EA-8847-89D7-188ED22B75BE}.Debug|x64.ActiveCfg = Debug|x64
		{2C17693F-89EA-8847-89D7-188ED22B75BE}.Debug|x64.Build.0 = Debug|x64
		{AC7F838B-35AB-D648-8D5A-B062C40E79A1}.Release|Win32.ActiveCfg = Release|Win32
		{AC7F838B-35AB-D648-8D5A-B062C40E79A1}.Release|Win32.Build.0 = Release|Win32
		{AC7F838B-35AB-D648-8D5A-B062C40E79A1}.Release|x64.ActiveCfg = Release|x64
		{AC7F838B-35AB-D648-8D5A-B062C40E79A1}.Release|x64.Build.0 = Release|x64
		{AC7F838B-35AB-D648-8D5A-B062C40E79A1}.Debug|Win32.ActiveCfg = Debug|Win32
		{AC7F838B-35AB-D648-8D5A-B062C40E79A1}.Debug|Win32.Build.0 = Debug|Win32
		{AC7F838B-35AB-D648-8D5A-B062C40E79A1}.Debug|x64.ActiveCfg = Debug|x64
		{AC7F838B-35AB-D648-8D5A-B062C40E79A1}.Debug|x64.Build.0 = Debug|x64
		{37CBE895-6B8C-CC4B-9791-BF5B882B10B8}.Release|Win32.ActiveCfg = Release|Win32
		{37CBE895-6B8C-CC4B-9791-BF5B882B10B8}.Release|Win32.Build.0 = Release|Win32
		{37CBE895-6B8C-CC4B-9791-BF5B882B10B8}.Release|x64.ActiveCfg = Release|x64
		{37CBE895-6B8C-CC4B-9791-BF5B882B10B8}.Release|x64.Build.0 = Release|x64
		{37CBE895-6B8C-CC4B-9791-BF5B882B10B8}.Debug|Win32.ActiveCfg = Debug|Win32
		{37CBE895-6B8C-CC4B-9791-BF5B882B10B8}.Debug|Win32.Build.0 = Debug|Win32
		{37CBE895-6B8C-CC4B-9791-BF5B882B10B8}.Debug|x64.ActiveCfg = Debug|x64
		{37CBE895-6B8C-CC4B-9791-BF5B882B10B8}.Debug|x64.Build.0 = Debug|x64
		{9F255CE6-1B27-2C44-BF74-BCE08EB4D5B5}.Release|Win32.ActiveCfg = Release|Win32
		{9F255CE6-1B27-2C44-BF74-BCE08EB4D5B5}.Release|Win32.Build.0 = Release|Win32
		{9F255CE6-1B27-2C44-BF74-BCE08EB4D5B5}.Release|x64.ActiveCfg = Release|x64
		{9F255CE6-1B27-2C44-BF74-BCE08EB4D5B5}.Release|x64.Build.0 = Release|x64
		{9F255CE6-1B27-2C44-BF74-BCE08EB4D5B5}.Debug|Win32.ActiveCfg = Debug|Win32
		{9F255CE6-1B27-2C44-BF74-BCE08EB4D5B5}.Debug|Win32.Build.0 = Debug|Win32
		{9F255CE6-1B27-2C44-BF74-BCE08EB4D5B5}.Debug|x64.ActiveCfg = Debug|x64
		{9F255CE6-1B27-2C44-BF74-BCE08EB4D5B5}.Debug|x64.Build.0 = Debug|x64
		{210CFBF7-5345-CE4E-B0B9-DC04D1AD78C9}.Release|Win32.ActiveCfg = Release|Win32
		{210CFBF7-5345-CE4E-B0B9-DC04D1AD78C9}.Release|Win32.Build.0 = Release|Win32
		{210CFBF7-5345-CE4E-B0B9-DC04D1AD78C9}.Release|x64.ActiveCfg = Release|x64
		{210CFBF7-5345-CE4E-B0B9-DC04D1AD78C9}.Release|x64.Build.0 = Release|x64
		{210CFBF7-5345-CE4E-B0B9-DC04D1AD78C9}.Debug|Win32.ActiveCfg = Debug|Win32
		{210CFBF7-5345-CE4E-B0B9-DC04D1AD78C9}.Debug|Win32.Build.0 = Debug|Win32
		{210CFBF7-5345-CE4E-B0B9-DC04D1AD78C9}.Debug|x64.ActiveCfg = Debug|x64
		{210CFBF7-5345-CE4E-B0B9-DC04D1AD78C9}.Debug|x64.Build.0 = Debug|x64
		{68AB5692-F4E7-6D48-91B4-682969E2D284}.Release|Win32.ActiveCfg = Release|Win32
		{68AB5692-F4E7-6D48-91B4-682969E2D284}.Release|Win32.Build.0 = Release|Win32
		{68AB5692-F4E7-6D48-91B4-682969E2D284}.Release|x64.ActiveCfg = Release|x64
		{68AB5692-F4E7-6D48-91B4-682969E2D284}.Release|x64.Build.0 = Release|x64
		{68AB5692-F4E7-6D48-91B4-682969E2D284}.Debug|Win32.ActiveCfg = Debug|Win32
		{68AB5692-F4E7-6D48-91B4-682969E2D284}.Debug|Win32.Build.0 = Debug|Win32
		{68AB5692-F4E7-6D48-91B4-682969E2D284}.Debug|x64.ActiveCfg = Debug|x64
		{68AB5692-F4E7-6D48-91B4-682969E2D284}.Debug|x64.Build.0 = Debug|x64
		{64829C29-B676-4E43-95E2-53F6A10990C7}.Release|Win32.ActiveCfg = Release|Win32
		{64829C29-B676-4E43-95E2-53F6A10990C7}.Release|Win32.Build.0 = Release|Win32
		{64829C29-B676-4E43-95E2-53F6A10990C7}.Release|x64.ActiveCfg = Release|x64
		{64829C29-B676-4E43-95E2-53F6A10990C7}.Release|x64.Build.0 = Release|x64
		{64829C29-B676-4E43-95E2-53F6A10990C7}.Debug|Win32.ActiveCfg = Debug|Win32
		{64829C29-B676-4E43-95E2-53F6A10990C7}.Debug|Win32.Build.0 = Debug|Win32
		{64829C29-B676-4E43-95E2-53F6A10990C7}.Debug|x64.ActiveCfg = Debug|x64
		{64829C29-B676-4E43-95E2-53F6A10990C7}.Debug|x64.Build.0 = Debug|x64
		{C01EA0A0-E5DC-CF42-A359-883A413B6FB4}.Release|Win32.ActiveCfg = Release|Win32
		{C01EA0A0-E5DC-CF42-A359-883A413B6FB4}.Release|Win32.Build.0 = Release|Win32
		{C01EA0A0-E5DC-CF42-A359-883A413B6FB4}.Release|x64.ActiveCfg = Release|x64
		{C01EA0A0-E5DC-CF42-A359-883A413B6FB4}.Release|x64.Build.0 = Release|x64
		{C01EA0A0-E5DC-CF42-A359-883A413B6FB4}.Debug|Win32.ActiveCfg = Debug|Win32
		{C01EA0A0-E5DC-CF42-A359-883A413B6FB4}.Debug|Win32.Build.0 = Debug|Win32
		{C01EA0A0-E5DC-CF42-A359-883A413B6FB4}.Debug|x64.ActiveCfg = Debug|x64
		{C01EA0A0-E5DC-CF42-A359-883A413B6FB4}.Debug|x64.Build.0 = Debug|x64
		{DC9BAAED-C51B-BF45-A88A-6A5023234F94}.Release|Win32.ActiveCfg = Release|Win32
		{DC9BAAED-C51B-BF45-A88A-6A5023234F94}.Release|Win32.Build.0 = Release|Win32
		{DC9BAAED-C51B-BF45-A88A-6A5023234F94}.Release|x64.ActiveCfg = Release|x64
		{DC9BAAED-C51B-BF45-A88A-6A5023234F94}.Release|x64.Build.0 = Release|x64
		{DC9BAAED-C51B-BF45-A88A-6A5023234F94}.Debug|Win32.ActiveCfg = Debug|Win32
		{DC9BAAED-C51B-BF45-A88A-6A5023234F94}.Debug|Win32.Build.0 = Debug|Win32
		{DC9BAAED-C51B-BF45-A88A-6A5023234F94}.Debug|x64.ActiveCfg = Debug|x64
		{DC9BAAED-C51B-BF45-A88A-6A5023234F94}.Debug|x64.Build.0 = Debug|x64
		{A4C78EE6-F0D9-7D4E-9301-F843EC81C989}.Release|Win32.ActiveCfg = Release|Win32
		{A4C78EE6-F0D9-7D4E-9301-F843EC81C989}.Release|Win32.Build.0 = Release|Win32
		{A4C78EE6-F0D9-7D4E-9301-F843EC81C989}.Release|x64.ActiveCfg = Release|x64
		{A4C78EE6-F0D9-7D4E-9301-F843EC81C989}.Release|x64.Build.0 = Release|x64
		{A4C78EE6-F0D9-7D4E-9301-F843EC81C989}.Debug|Win32.ActiveCfg = Debug|Win32
		{A4C78EE6-F0D9-7D4E-9301-F843EC81C989}.Debug|Win32.Build.0 = Debug|Win32
		{A4C78EE6-F0D9-7D4E-9301-F843EC81C989}.Debug|x64.ActiveCfg = Debug|x64
		{A4C78EE6-F0D9-7D4E-9301-F843EC81C989}.Debug|x64.Build.0 = Debug|x64
		{2E0AF2E3-E3C9-284D-8B08-D2C14073782D}.Release|Win32.ActiveCfg = Release|Win32
		{2E0AF2E3-E3C9-284D-8B08-D2C14073782D}.Release|Win32.Build.0 = Release|Win32
		{2E0AF2E3-E3C9-284D-8B08-D2C14073782D}.Release|x64.ActiveCfg = Release|x64
		{2E0AF2E3-E3C9-284D-8B08-D2C14073782D}.Release|x64.Build.0 = Release|x64
		{2E0AF2E3-E3C9-284D-8B08-D2C14073782D}.Debug|Win32.ActiveCfg = Debug|Win32
		{2E0AF2E3-E3C9-284D-8B08-D2C14073782D}.Debug|Win32.Build.0 = Debug|Win32
		{2E0AF2E3-E3C9-284D-8B08-D2C14073782D}.Debug|x64.ActiveCfg = Debug|x64
		{2E0AF2E3-E3C9-284D-8B08-D2C14073782D}.Debug|x64.Build.0 = Debug|x64
		{66E2B44C-A918-1242-836B-F45F6BF3EF28}.Release|Win32.ActiveCfg = Release|Win32
		{66E2B44C-A918-1242-836B-F45F6BF3EF28}.Release|Win32.Build.0 = Release|Win32
		{66E2B44C-A918-1242-836B-F45F6BF3EF28}.Release|x64.ActiveCfg = Release|x64
		{66E2B44C-A918-1242-836B-F45F6BF3EF28}.Release|x64.Build.0 = Release|x64
		{66E2B44C-A918-1242-836B-F45F6BF3EF28}.Debug|Win32.ActiveCfg = Debug|Win32
		{66E2B44C-A918-1242-836B-F45F6BF3EF28}.Debug|Win32.Build.0 = Debug|Win32
		{66E2B44C-A918-1242-836B-F45F6BF3EF28}.Debug|x64.ActiveCfg = Debug|x64
		{66E2B44C-A918-1242-836B-F45F6BF3EF28}.Debug|x64.Build.0 = Debug|x64
		{32B78DE7-8B3A-4248-B735-2FD0BBB00DA4}.Release|Win32.ActiveCfg = Release|Win32
		{32B78DE7-8B3A-4248-B735-2FD0BBB00DA4}.Release|Win32.Build.0 = Release|Win32
		{32B78DE7-8B3A-4248-B735-2FD0BBB00DA4}.Release|x64.ActiveCfg = Release|x64
		{32B78DE7-8B3A-4248-B735-2FD0BBB00DA4}.Release|x64.Build.0 = Release|x64
		{32B78DE7-8B3A-4248-B735-2FD0BBB00DA4}.Debug|Win32.ActiveCfg = Debug|Win32
		{32B78DE7-8B3A-4248-B735-2FD0BBB00DA4}.Debug|Win32.Build.0 = Debug|Win32
		{32B78DE7-8B3A-4248-B735-2FD0BBB00DA4}.Debug|x64.ActiveCfg = Debug|x64
		{32B78DE7-8B3A-4248-B735-2FD0BBB00DA4}.Debug|x64.Build.0 = Debug|x64
		{8580E62C-BF9B-CA40-AE22-F8F3CFC106B6}.Release|Win32.ActiveCfg = Release|Win32
		{8580E62C-BF9B-CA40-AE22-F8F3CFC106B6}.Release|Win32.Build.0 = Release|Win32
		{8580E62C-BF9B-CA40-AE22-F8F3CFC106B6}.Release|x64.ActiveCfg = Release|x64
		{8580E62C-BF9B-CA40-AE22-F8F3CFC106B6}.Release|x64.Build.0 = Release|x64
		{8580E62C-BF9B-CA40-AE22-F8F3CFC106B6}.Debug|Win32.ActiveCfg = Debug|Win32
		{8580E62C-BF9B-CA40-AE22-F8F3CFC106B6}.Debug|Win32.Build.0 = Debug|Win32
		{8580E62C-BF9B-CA40-AE22-F8F3CFC106B6}.Debug|x64.ActiveCfg = Debug|x64
		{8580E62C-BF9B-CA40-AE22-F8F3CFC106B6}.Debug|x64.Build.0 = Debug|x64
		{72C3D9FC-7017-5940-A0F7-BAEDCF0315CA}.Release|Win32.ActiveCfg = Release|Win32
		{72C3D9FC-7017-5940-A0F7-BAEDCF0315CA}.Release|Win32.Build.0 = Release|Win32
		{72C3D9FC-7017-5940-A0F7-BAEDCF0315CA}.Release|x64.ActiveCfg = Release|x64
		{72C3D9FC-7017-5940-A0F7-BAEDCF0315CA}.Release|x64.Build.0 = Release|x64
		{72C3D9FC-7017-5940-A0F7-BAEDCF0315CA}.Debug|Win32.ActiveCfg = Debug|Win32
		{72C3D9FC-7017-5940-A0F7-BAEDCF0315CA}.Debug|Win32.Build.0 = Debug|Win32
		{72C3D9FC-7017-5940-A0F7-BAEDCF0315CA}.Debug|x64.ActiveCfg = Debug|x64
		{72C3D9FC-7017-5940-A0F7-BAEDCF0315CA}.Debug|x64.Build.0 = Debug|x64
		{9FCA7809-59F8-5942-8978-61BF44390D6F}.Release|Win32.ActiveCfg = Release|Win32
		{9FCA7809-59F8-5942-8978-61BF44390D6F}.Release|Win32.Build.0 = Release|Win32
		{9FCA7809-59F8-5942-8978-61BF44390D6F}.Release|x64.ActiveCfg = Release|x64
		{9FCA7809-59F8-5942-8978-61BF44390D6F}.Release|x64.Build.0 = Release|x64
		{9FCA7809-59F8-5942-8978-61BF44390D6F}.Debug|Win32.ActiveCfg = Debug|Win32
		{9FCA7809-59F8-5942-8978-61BF44390D6F}.Debug|Win32.Build.0 = Debug|Win32
		{9FCA7809-59F8-5942-8978-61BF44390D6F}.Debug|x64.ActiveCfg = Debug|x64
		{9FCA7809-59F8-5942-8978-61BF44390D6F}.Debug|x64.Build.0 = Debug|x64
		{4B3F5F51-DAF8-704F-98A2-C79CE16268F7}.Release|Win32.ActiveCfg = Release|Win32
		{4B3F5F51-DAF8-704F-98A2-C79CE16268F7}.Release|Win32.Build.0 = Release|Win32
		{4B3F5F51-DAF8-704F-98A2-C79CE16268F7}.Release|x64.ActiveCfg = Release|x64
		{4B3F5F51-DAF8-704F-98A2-C79CE16268F7}.Release|x64.Build.0 = Release|x64
		{4B3F5F51-DAF8-704F-98A2-C79CE16268F7}.Debug|Win32.ActiveCfg = Debug|Win32
		{4B3F5F51-DAF8-704F-98A2-C79CE16268F7}.Debug|Win32.Build.0 = Debug|Win32
		{4B3F5F51-DAF8-704F-98A2-C79CE16268F7}.Debug|x64.ActiveCfg = Debug|x64
		{4B3F5F51-DAF8-704F-98A2-C79CE16268F7}.Debug|x64.Build.0 = Debug|x64
		{17B5F139-44FA-0047-BCFB-58620722AC14}.Release|Win32.ActiveCfg = Release|Win32
		{17B5F139-44FA-0047-BCFB-58620722AC14}.Release|Win32.Build.0 = Release|Win32
		{17B5F139-44FA-0047-BCFB-58620722AC14}.Release|x64.ActiveCfg = Release|x64
		{17B5F139-44FA-0047-BCFB-58620722AC14}.Release|x64.Build.0 = Release|x64
		{17B5F139-44FA-0047-BCFB-58620722AC14}.Debug|Win32.ActiveCfg = Debug|Win32
		{17B5F139-44FA-0047-BCFB-58620722AC14}.Debug|Win32.Build.0 = Debug|Win32
		{17B5F139-44FA-0047-BCFB-58620722AC14}.Debug|x64.ActiveCfg = Debug|x64
		{17B5F139-44FA-0047-BCFB-58620722AC14}.Debug|x64.Build.0 = Debug|x64
		{F73555C6-B995-B448-8531-E790116A7FD4}.Release|Win32.ActiveCfg = Release|Win32
		{F73555C6-B995-B448-8531-E790116A7FD4}.Release|Win32.Build.0 = Release|Win32
		{F73555C6-B995-B448-8531-E790116A7FD4}.Release|x64.ActiveCfg = Release|x64
		{F73555C6-B995-B448-8531-E790116A7FD4}.Release|x64.Build.0 = Release|x64
		{F73555C6-B995-B448-8531-E790116A7FD4}.Debug|Win32.ActiveCfg = Debug|Win32
		{F73555C6-B995-B448-8531-E790116A7FD4}.Debug|Win32.Build.0 = Debug|Win32
		{F73555C6-B995-B448-8531-E790116A7FD4}.Debug|x64.ActiveCfg = Debug|x64
		{F73555C6-B995-B448-8531-E790116A7FD4}.Debug|x64.Build.0 = Debug|x64
		{58E87D2B-69A1-B14D-9B67-C2C256C15492}.Release|Win32.ActiveCfg = Release|Win32
		{58E87D2B-69A1-B14D-9B67-C2C256C15492}.Release|Win32.Build.0 = Release|Win32
		{58E87D2B-69A1-B14D-9B67-C2C256C15492}.Release|x64.ActiveCfg = Release|x64
		{58E87D2B-69A1-B14D-9B67-C2C256C15492}.Release|x64.Build.0 = Release|x64
		{58E87D2B-69A1-B14D-9B67-C2C256C15492}.Debug|Win32.ActiveCfg = Debug|Win32
		{58E87D2B-69A1-B14D-9B67-C2C256C15492}.Debug|Win32.Build.0 = Debug|Win32
		{58E87D2B-69A1-B14D-9B67-C2C256C15492}.Debug|x64.ActiveCfg = Debug|x64
		{58E87D2B-69A1-B14D-9B67-C2C256C15492}.Debug|x64.Build.0 = Debug|x64
		{E7FB0A3D-ED62-8948-8E47-28BAB54A7403}.Release|Win32.ActiveCfg = Release|Win32
		{E7FB0A3D-ED62-8948-8E47-28BAB54A7403}.Release|Win32.Build.0 = Release|Win32
		{E7FB0A3D-ED62-8948-8E47-28BAB54A7403}.Release|x64.ActiveCfg = Release|x64
		{E7FB0A3D-ED62-8948-8E47-28BAB54A7403}.Release|x64.Build.0 = Release|x64
		{E7FB0A3D-ED62-8948-8E47-28BAB54A7403}.Debug|Win32.ActiveCfg = Debug|Win32
		{E7FB0A3D-ED62-8948-8E47-28BAB54A7403}.Debug|Win32.Build.0 = Debug|Win32
		{E7FB0A3D-ED62-8948-8E47-28BAB54A7403}.Debug|x64.ActiveCfg = Debug|x64
		{E7FB0A3D-ED62-8948-8E47-28BAB54A7403}.Debug|x64.Build.0 = Debug|x64
		{BBC650D2-4D2B-4F41-BAA3-7C4ADA2449FA}.Release|Win32.ActiveCfg = Release|Win32
		{BBC650D2-4D2B-4F41-BAA3-7C4ADA2449FA}.Release|Win32.Build.0 = Release|Win32
		{BBC650D2-4D2B-4F41-BAA3-7C4ADA2449FA}.Release|x64.ActiveCfg = Release|x64
		{BBC650D2-4D2B-4F41-BAA3-7C4ADA2449FA}.Release|x64.Build.0 = Release|x64
		{BBC650D2-4D2B-4F41-BAA3-7C4ADA2449FA}.Debug|Win32.ActiveCfg = Debug|Win32
		{BBC650D2-4D2B-4F41-BAA3-7C4ADA2449FA}.Debug|Win32.Build.0 = Debug|Win32
		{BBC650D2-4D2B-4F41-BAA3-7C4ADA2449FA}.Debug|x64.ActiveCfg = Debug|x64
		{BBC650D2-4D2B-4F41-BAA3-7C4ADA2449FA}.Debug|x64.Build.0 = Debug|x64
		{DEF42CA7-634B-BF4E-9E89-E1063513AE3F}.Release|Win32.ActiveCfg = Release|Win32
		{DEF42CA7-634B-BF4E-9E89-E1063513AE3F}.Release|Win32.Build.0 = Release|Win32
		{DEF42CA7-634B-BF4E-9E89-E1063513AE3F}.Release|x64.ActiveCfg = Release|x64
		{DEF42CA7-634B-BF4E-9E89-E1063513AE3F}.Release|x64.Build.0 = Release|x64
		{DEF42CA7-634B-BF4E-9E89-E1063513AE3F}.Debug|Win32.ActiveCfg = Debug|Win32
		{DEF42CA7-634B-BF4E-9E89-E1063513AE3F}.Debug|Win32.Build.0 = Debug|Win32
		{DEF42CA7-634B-BF4E-9E89-E1063513AE3F}.Debug|x64.ActiveCfg = Debug|x64
		{DEF42CA7-634B-BF4E-9E89-E1063513AE3F}.Debug|x64.Build.0 = Debug|x64
		{8E849012-EFD3-2F41-AC4D-F318EBEE362B}.Release|Win32.ActiveCfg = Release|Win32
		{8E849012-EFD3-2F41-AC4D-F318EBEE362B}.Release|Win32.Build.0 = Release|Win32
		{8E849012-EFD3-2F41-AC4D-F318EBEE362B}.Release|x64.ActiveCfg = Release|x64
		{8E849012-EFD3-2F41-AC4D-F318EBEE362B}.Release|x64.Build.0 = Release|x64
		{8E849012-EFD3-2F41-AC4D-F318EBEE362B}.Debug|Win32.ActiveCfg = Debug|Win32
		{8E849012-EFD3-2F41-AC4D-F318EBEE362B}.Debug|Win32.Build.0 = Debug|Win32
		{8E849012-EFD3-2F41-AC4D-F318EBEE362B}.Debug|x64.ActiveCfg = Debug|x64
		{8E849012-EFD3-2F41-AC4D-F318EBEE362B}.Debug|x64.Build.0 = Debug|x64
		{56FA3A6C-AB66-D24F-AE21-B03DEBE8F8C8}.Release|Win32.ActiveCfg = Release|Win32
		{56FA3A6C-AB66-D24F-AE21-B03DEBE8F8C8}.Release|Win32.Build.0 = Release|Win32
		{56FA3A6C-AB66-D24F-AE21-B03DEBE8F8C8}.Release|x64.ActiveCfg = Release|x64
		{56FA3A6C-AB66-D24F-AE21-B03DEBE8F8C8}.Release|x64.Build.0 = Release|x64
		{56FA3A6C-AB66-D24F-AE21-B03DEBE8F8C8}.Debug|Win32.ActiveCfg = Debug|Win32
		{56FA3A6C-AB66-D24F-AE21-B03DEBE8F8C8}.Debug|Win32.Build.0 = Debug|Win32
		{56FA3A6C-AB66-D24F-AE21-B03DEBE8F8C8}.Debug|x64.ActiveCfg = Debug|x64
		{56FA3A6C-AB66-D24F-AE21-B03DEBE8F8C8}.Debug|x64.Build.0 = Debug|x64
		{48E167FF-9F2B-E84C-BAB8-9DDDCB8F4E7A}.Release|Win32.ActiveCfg = Release|Win32
		{48E167FF-9F2B-E84C-BAB8-9DDDCB8F4E7A}.Release|Win32.Build.0 = Release|Win32
		{48E167FF-9F2B-E84C-BAB8-9DDDCB8F4E7A}.Release|x64.ActiveCfg = Release|x64
		{48E167FF-9F2B-E84C-BAB8-9DDDCB8F4E7A}.Release|x64.Build.0 = Release|x64
		{48E167FF-9F2B-E84C-BAB8-9DDDCB8F4E7A}.Debug|Win32.ActiveCfg = Debug|Win32
		{48E167FF-9F2B-E84C-BAB8-9DDDCB8F4E7A}.Debug|Win32.Build.0 = Debug|Win32
		{48E167FF-9F2B-E84C-BAB8-9DDDCB8F4E7A}.Debug|x64.ActiveCfg = Debug|x64
		{48E167FF-9F2B-E84C-BAB8-9DDDCB8F4E7A}.Debug|x64.Build.0 = Debug|x64
		{C5C3DA5D-0CBA-2A4F-ACC4-F52545E39B64}.Release|Win32.ActiveCfg = Release|Win32
		{C5C3DA5D-0CBA-2A4F-ACC4-F52545E39B64}.Release|Win32.Build.0 = Release|Win32
		{C5C3DA5D-0CBA-2A4F-ACC4-F52545E39B64}.Release|x64.ActiveCfg = Release|x64
		{C5C3DA5D-0CBA-2A4F-ACC4-F52545E39B64}.Release|x64.Build.0 = Release|x64
		{C5C3DA5D-0CBA-2A4F-ACC4-F52545E39B64}.Debug|Win32.ActiveCfg = Debug|Win32
		{C5C3DA5D-0CBA-2A4F-ACC4-F52545E39B64}.Debug|Win32.Build.0 = Debug|Win32
		{C5C3DA5D-0CBA-2A4F-ACC4-F52545E39B64}.Debug|x64.ActiveCfg = Debug|x64
		{C5C3DA5D-0CBA-2A4F-ACC4-F52545E39B64}.Debug|x64.Build.0 = Debug|x64
		{0FD5AE9B-CB63-6B4D-89F6-9638938475ED}.Release|Win32.ActiveCfg = Release|Win32
		{0FD5AE9B-CB63-6B4D-89F6-9638938475ED}.Release|Win32.Build.0 = Release|Win32
		{0FD5AE9B-CB63-6B4D-89F6-9638938475ED}.Release|x64.ActiveCfg = Release|x64
		{0FD5AE9B-CB63-6B4D-89F6-9638938475ED}.Release|x64.Build.0 = Release|x64
		{0FD5AE9B-CB63-6B4D-89F6-9638938475ED}.Debug|Win32.ActiveCfg = Debug|Win32
		{0FD5AE9B-CB63-6B4D-89F6-9638938475ED}.Debug|Win32.Build.0 = Debug|Win32
		{0FD5AE9B-CB63-6B4D-89F6-9638938475ED}.Debug|x64.ActiveCfg = Debug|x64
		{0FD5AE9B-CB63-6B4D-89F6-9638938475ED}.Debug|x64.Build.0 = Debug|x64
		{84B7B22C-3227-C646-A475-C5D644F11F1B}.Release|Win32.ActiveCfg = Release|Win32
		{84B7B22C-3227-C646-A475-C5D644F11F1B}.Release|Win32.Build.0 = Release|Win32
		{84B7B22C-3227-C646-A475-C5D644F11F1B}.Release|x64.ActiveCfg = Release|x64
		{84B7B22C-3227-C646-A475-C5D644F11F1B}.Release|x64.Build.0 = Release|x64
		{84B7B22C-3227-C646-A475-C5D644F11F1B}.Debug|Win32.ActiveCfg = Debug|Win32
		{84B7B22C-3227-C646-A475-C5D644F11F1B}.Debug|Win32.Build.0 = Debug|Win32
		{84B7B22C-3227-C646-A475-C5D644F11F1B}.Debug|x64.ActiveCfg = Debug|x64
		{84B7B22C-3227-C646-A475-C5D644F11F1B}.Debug|x64.Build.0 = Debug|x64
		{5A2421DC-B3F1-CC46-B3B9-D35AC3F5E4D1}.Release|Win32.ActiveCfg = Release|Win32
		{5A2421DC-B3F1-CC46-B3B9-D35AC3F5E4D1}.Release|Win32.Build.0 = Release|Win32
		{5A2421DC-B3F1-CC46-B3B9-D35AC3F5E4D1}.Release|x64.ActiveCfg = Release|x64
		{5A2421DC-B3F1-CC46-B3B9-D35AC3F5E4D1}.Release|x64.Build.0 = Release|x64
		{5A2421DC-B3F1-CC46-B3B9-D35AC3F5E4D1}.Debug|Win32.ActiveCfg = Debug|Win32
		{5A2421DC-B3F1-CC46-B3B9-D35AC3F5E4D1}.Debug|Win32.Build.0 = Debug|Win32
		{5A2421DC-B3F1-CC46-B3B9-D35AC3F5E4D1}.Debug|x64.ActiveCfg = Debug|x64
		{5A2421DC-B3F1-CC46-B3B9-D35AC3F5E4D1}.Debug|x64.Build.0 = Debug|x64
		{AECF9221-80B8-4947-BEA3-58B2E741D6FD}.Release|Win32.ActiveCfg = Release|Win32
		{AECF9221-80B8-4947-BEA3-58B2E741D6FD}.Release|Win32.Build.0 = Release|Win32
		{AECF9221-80B8-4947-BEA3-58B2E741D6FD}.Release|x64.ActiveCfg = Release|x64
		{AECF9221-80B8-4947-BEA3-58B2E741D6FD}.Release|x64.Build.0 = Release|x64
		{AECF9221-80B8-4947-BEA3-58B2E741D6FD}.Debug|Win32.ActiveCfg = Debug|Win32
		{AECF9221-80B8-4947-BEA3-58B2E741D6FD}.Debug|Win32.Build.0 = Debug|Win32
		{AECF9221-80B8-4947-BEA3-58B2E741D6FD}.Debug|x64.ActiveCfg = Debug|x64
		{AECF9221-80B8-4947-BEA3-58B2E741D6FD}.Debug|x64.Build.0 = Debug|x64
		{63B3EF95-F6E7-B544-BDC6-F883A16F5157}.Release|Win32.ActiveCfg = Release|Win32
		{63B3EF95-F6E7-B544-BDC6-F883A16F5157}.Release|Win32.Build.0 = Release|Win32
		{63B3EF95-F6E7-B544-BDC6-F883A16F5157}.Release|x64.ActiveCfg = Release|x64
		{63B3EF95-F6E7-B544-BDC6-F883A16F5157}.Release|x64.Build.0 = Release|x64
		{63B3EF95-F6E7-B544-BDC6-F883A16F5157}.Debug|Win32.ActiveCfg = Debug|Win32
		{63B3EF95-F6E7-B544-BDC6-F883A16F5157}.Debug|Win32.Build.0 = Debug|Win32
		{63B3EF95-F6E7-B544-BDC6-F883A16F5157}.Debug|x64.ActiveCfg = Debug|x64
		{63B3EF95-F6E7-B544-BDC6-F883A16F5157}.Debug|x64.Build.0 = Debug|x64
		{3ED740E9-61A8-0249-9F71-9B5134FF1016}.Release|Win32.ActiveCfg = Release|Win32
		{3ED740E9-61A8-0249-9F71-9B5134FF1016}.Release|Win32.Build.0 = Release|Win32
		{3ED740E9-61A8-0249-9F71-9B5134FF1016}.Release|x64.ActiveCfg = Release|x64
		{3ED740E9-61A8-0249-9F71-9B5134FF1016}.Release|x64.Build.0 = Release|x64
		{3ED740E9-61A8-0249-9F71-9B5134FF1016}.Debug|Win32.ActiveCfg = Debug|Win32
		{3ED740E9-61A8-0249-9F71-9B5134FF1016}.Debug|Win32.Build.0 = Debug|Win32
		{3ED740E9-61A8-0249-9F71-9B5134FF1016}.Debug|x64.ActiveCfg = Debug|x64
		{3ED740E9-61A8-0249-9F71-9B5134FF1016}.Debug|x64.Build.0 = Debug|x64
		{8FAC2475-34CE-1D4D-935E-030BCD2ECCAF}.Release|Win32.ActiveCfg = Release|Win32
		{8FAC2475-34CE-1D4D-935E-030BCD2ECCAF}.Release|Win32.Build.0 = Release|Win32
		{8FAC2475-34CE-1D4D-935E-030BCD2ECCAF}.Release|x64.ActiveCfg = Release|x64
		{8FAC2475-34CE-1D4D-935E-030BCD2ECCAF}.Release|x64.Build.0 = Release|x64
		{8FAC2475-34CE-1D4D-935E-030BCD2ECCAF}.Debug|Win32.ActiveCfg = Debug|Win32
		{8FAC2475-34CE-1D4D-935E-030BCD2ECCAF}.Debug|Win32.Build.0 = Debug|Win32
		{8FAC2475-34CE-1D4D-935E-030BCD2ECCAF}.Debug|x64.ActiveCfg = Debug|x64
		{8FAC2475-34CE-1D4D-935E-030BCD2ECCAF}.Debug|x64.Build.0 = Debug|x64
		{4F8FBA5E-1CFD-6845-ACCC-F04DC4BDEBCD}.Release|Win32.ActiveCfg = Release|Win32
		{4F8FBA5E-1CFD-6845-ACCC-F04DC4BDEBCD}.Release|Win32.Build.0 = Release|Win32
		{4F8FBA5E-1CFD-6845-ACCC-F04DC4BDEBCD}.Release|x64.ActiveCfg = Release|x64
		{4F8FBA5E-1CFD-6845-ACCC-F04DC4BDEBCD}.Release|x64.Build.0 = Release|x64
		{4F8FBA5E-1CFD-6845-ACCC-F04DC4BDEBCD}.Debug|Win32.ActiveCfg = Debug|Win32
		{4F8FBA5E-1CFD-6845-ACCC-F04DC4BDEBCD}.Debug|Win32.Build.0 = Debug|Win32
		{4F8FBA5E-1CFD-6845-ACCC-F04DC4BDEBCD}.Debug|x64.ActiveCfg = Debug|x64
		{4F8FBA5E-1CFD-6845-ACCC-F04DC4BDEBCD}.Debug|x64.Build.0 = Debug|x64
		{D063901D-A342-DE4B-8D3A-F2BFD5F2EFD4}.Release|Win32.ActiveCfg = Release|Win32
		{D063901D-A342-DE4B-8D3A-F2BFD5F2EFD4}.Release|Win32.Build.0 = Release|Win32
		{D063901D-A342-DE4B-8D3A-F2BFD5F2EFD4}.Release|x64.ActiveCfg = Release|x64
		{D063901D-A342-DE4B-8D3A-F2BFD5F2EFD4}.Release|x64.Build.0 = Release|x64
		{D063901D-A342-DE4B-8D3A-F2BFD5F2EFD4}.Debug|Win32.ActiveCfg = Debug|Win32
		{D063901D-A342-DE4B-8D3A-F2BFD5F2EFD4}.Debug|Win32.Build.0 = Debug|Win32
		{D063901D-A342-DE4B-8D3A-F2BFD5F2EFD4}.Debug|x64.ActiveCfg = Debug|x64
		{D063901D-A342-DE4B-8D3A-F2BFD5F2EFD4}.Debug|x64.Build.0 = Debug|x64
		{A9B6F27C-AED8-9444-B42C-1696A0FE418B}.Release|Win32.ActiveCfg = Release|Win32
		{A9B6F27C-AED8-9444-B42C-1696A0FE418B}.Release|Win32.Build.0 = Release|Win32
		{A9B6F27C-AED8-9444-B42C-1696A0FE418B}.Release|x64.ActiveCfg = Release|x64
		{A9B6F27C-AED8-9444-B42C-1696A0FE418B}.Release|x64.Build.0 = Release|x64
		{A9B6F27C-AED8-9444-B42C-1696A0FE418B}.Debug|Win32.ActiveCfg = Debug|Win32
		{A9B6F27C-AED8-9444-B42C-1696A0FE418B}.Debug|Win32.Build.0 = Debug|Win32
		{A9B6F27C-AED8-9444-B42C-1696A0FE418B}.Debug|x64.ActiveCfg = Debug|x64
		{A9B6F27C-AED8-9444-B42C-1696A0FE418B}.Debug|x64.Build.0 = Debug|x64
		{B844CEC8-8049-E64F-ADC6-8472BB79298A}.Release|Win32.ActiveCfg = Release|Win32
		{B844CEC8-8049-E64F-ADC6-8472BB79298A}.Release|Win32.Build.0 = Release|Win32
		{B844CEC8-8049-E64F-ADC6-8472BB79298A}.Release|x64.ActiveCfg = Release|x64
		{B844CEC8-8049-E64F-ADC6-8472BB79298A}.Release|x64.Build.0 = Release|x64
		{B844CEC8-8049-E64F-ADC6-8472BB79298A}.Debug|Win32.ActiveCfg = Debug|Win32
		{B844CEC8-8049-E64F-ADC6-8472BB79298A}.Debug|Win32.Build.0 = Debug|Win32
		{B844CEC8-8049-E64F-ADC6-8472BB79298A}.Debug|x64.ActiveCfg = Debug|x64
		{B844CEC8-8049-E64F-ADC6-8472BB79298A}.Debug|x64.Build.0 = Debug|x64
		{B0DC4F19-5C47-CD42-AE95-BD09091649C4}.Release|Win32.ActiveCfg = Release|Win32
		{B0DC4F19-5C47-CD42-AE95-BD09091649C4}.Release|Win32.Build.0 = Release|Win32
		{B0DC4F19-5C47-CD42-AE95-BD09091649C4}.Release|x64.ActiveCfg = Release|x64
		{B0DC4F19-5C47-CD42-AE95-BD09091649C4}.Release|x64.Build.0 = Release|x64
		{B0DC4F19-5C47-CD42-AE95-BD09091649C4}.Debug|Win32.ActiveCfg = Debug|Win32
		{B0DC4F19-5C47-CD42-AE95-BD09091649C4}.Debug|Win32.Build.0 = Debug|Win32
		{B0DC4F19-5C47-CD42-AE95-BD09091649C4}.Debug|x64.ActiveCfg = Debug|x64
		{B0DC4F19-5C47-CD42-AE95-BD09091649C4}.Debug|x64.Build.0 = Debug|x64
		{A44B4C86-6B65-4B4E-8C2E-7B7DB01A673D}.Release|Win32.ActiveCfg = Release|Win32
		{A44B4C86-6B65-4B4E-8C2E-7B7DB01A673D}.Release|Win32.Build.0 = Release|Win32
		{A44B4C86-6B65-4B4E-8C2E-7B7DB01A673D}.Release|x64.ActiveCfg = Release|x64
		{A44B4C86-6B65-4B4E-8C2E-7B7DB01A673D}.Release|x64.Build.0 = Release|x64
		{A44B4C86-6B65-4B4E-8C2E-7B7DB01A673D}.Debug|Win32.ActiveCfg = Debug|Win32
		{A44B4C86-6B65-4B4E-8C2E-7B7DB01A673D}.Debug|Win32.Build.0 = Debug|Win32
		{A44B4C86-6B65-4B4E-8C2E-7B7DB01A673D}.Debug|x64.ActiveCfg = Debug|x64
		{A44B4C86-6B65-4B4E-8C2E-7B7DB01A673D}.Debug|x64.Build.0 = Debug|x64
		{477B3C60-C14A-DC42-B4FE-9953DADAD450}.Release|Win32.ActiveCfg = Release|Win32
		{477B3C60-C14A-DC42-B4FE-9953DADAD450}.Release|Win32.Build.0 = Release|Win32
		{477B3C60-C14A-DC42-B4FE-9953DADAD450}.Release|x64.ActiveCfg = Release|x64
		{477B3C60-C14A-DC42-B4FE-9953DADAD450}.Release|x64.Build.0 = Release|x64
		{477B3C60-C14A-DC42-B4FE-9953DADAD450}.Debug|Win32.ActiveCfg = Debug|Win32
		{477B3C60-C14A-DC42-B4FE-9953DADAD450}.Debug|Win32.Build.0 = Debug|Win32
		{477B3C60-C14A-DC42-B4FE-9953DADAD450}.Debug|x64.ActiveCfg = Debug|x64
		{477B3C60-C14A-DC42-B4FE-9953DADAD450}.Debug|x64.Build.0 = Debug|x64
		{CA0336C1-3EBD-4742-8B2F-7C915EDD56CF}.Release|Win32.ActiveCfg = Release|Win32
		{CA0336C1-3EBD-4742-8B2F-7C915EDD56CF}.Release|Win32.Build.0 = Release|Win32
		{CA0336C1-3EBD-4742-8B2F-7C915EDD56CF}.Release|x64.ActiveCfg = Release|x64
		{CA0336C1-3EBD-4742-8B2F-7C915EDD56CF}.Release|x64.Build.0 = Release|x64
		{CA0336C1-3EBD-4742-8B2F-7C915EDD56CF}.Debug|Win32.ActiveCfg = Debug|Win32
		{CA0336C1-3EBD-4742-8B2F-7C915EDD56CF}.Debug|Win32.Build.0 = Debug|Win32
		{CA0336C1-3EBD-4742-8B2F-7C915EDD56CF}.Debug|x64.ActiveCfg = Debug|x64
		{CA0336C1-3EBD-4742-8B2F-7C915EDD56CF}.Debug|x64.Build.0 = Debug|x64
		{4A7076C9-2C18-0340-A072-CEC825616693}.Release|Win32.ActiveCfg = Release|Win32
		{4A7076C9-2C18-0340-A072-CEC825616693}.Release|Win32.Build.0 = Release|Win32
		{4A7076C9-2C18-0340-A072-CEC825616693}.Release|x64.ActiveCfg = Release|x64
		{4A7076C9-2C18-0340-A072-CEC825616693}.Release|x64.Build.0 = Release|x64
		{4A7076C9-2C18-0340-A072-CEC825616693}.Debug|Win32.ActiveCfg = Debug|Win32
		{4A7076C9-2C18-0340-A072-CEC825616693}.Debug|Win32.Build.0 = Debug|Win32
		{4A7076C9-2C18-0340-A072-CEC825616693}.Debug|x64.ActiveCfg = Debug|x64
		{4A7076C9-2C18-0340-A072-CEC825616693}.Debug|x64.Build.0 = Debug|x64
	EndGlobalSection
	GlobalSection(SolutionProperties) = preSolution
		HideSolutionNode = FALSE
	EndGlobalSection
EndGlobal
