<?xml version="1.0" encoding="utf-8"?>
<Project ToolsVersion="4.0" xmlns="http://schemas.microsoft.com/developer/msbuild/2003">
  <ItemGroup>
    <Filter Include="examples">
      <UniqueIdentifier>{2A1D2C29-4434-E248-9527-0A73F421096C}</UniqueIdentifier>
    </Filter>
    <Filter Include="examples\ThirdPartyLibs">
      <UniqueIdentifier>{539D398A-113E-DB46-B066-284CE192BDC6}</UniqueIdentifier>
    </Filter>
    <Filter Include="examples\ThirdPartyLibs\BussIK">
      <UniqueIdentifier>{F35078A8-C0B8-144E-9761-D2CAF45C191B}</UniqueIdentifier>
    </Filter>
  </ItemGroup>
  <ItemGroup>
    <ClInclude Include="..\..\examples\ThirdPartyLibs\BussIK\Jacobian.h">
      <Filter>examples\ThirdPartyLibs\BussIK</Filter>
    </ClInclude>
    <ClInclude Include="..\..\examples\ThirdPartyLibs\BussIK\LinearR2.h">
      <Filter>examples\ThirdPartyLibs\BussIK</Filter>
    </ClInclude>
    <ClInclude Include="..\..\examples\ThirdPartyLibs\BussIK\LinearR3.h">
      <Filter>examples\ThirdPartyLibs\BussIK</Filter>
    </ClInclude>
    <ClInclude Include="..\..\examples\ThirdPartyLibs\BussIK\LinearR4.h">
      <Filter>examples\ThirdPartyLibs\BussIK</Filter>
    </ClInclude>
    <ClInclude Include="..\..\examples\ThirdPartyLibs\BussIK\MathMisc.h">
      <Filter>examples\ThirdPartyLibs\BussIK</Filter>
    </ClInclude>
    <ClInclude Include="..\..\examples\ThirdPartyLibs\BussIK\MatrixRmn.h">
      <Filter>examples\ThirdPartyLibs\BussIK</Filter>
    </ClInclude>
    <ClInclude Include="..\..\examples\ThirdPartyLibs\BussIK\Node.h">
      <Filter>examples\ThirdPartyLibs\BussIK</Filter>
    </ClInclude>
    <ClInclude Include="..\..\examples\ThirdPartyLibs\BussIK\Spherical.h">
      <Filter>examples\ThirdPartyLibs\BussIK</Filter>
    </ClInclude>
    <ClInclude Include="..\..\examples\ThirdPartyLibs\BussIK\Tree.h">
      <Filter>examples\ThirdPartyLibs\BussIK</Filter>
    </ClInclude>
    <ClInclude Include="..\..\examples\ThirdPartyLibs\BussIK\VectorRn.h">
      <Filter>examples\ThirdPartyLibs\BussIK</Filter>
    </ClInclude>
  </ItemGroup>
  <ItemGroup>
    <ClCompile Include="..\..\examples\ThirdPartyLibs\BussIK\Jacobian.cpp">
      <Filter>examples\ThirdPartyLibs\BussIK</Filter>
    </ClCompile>
    <ClCompile Include="..\..\examples\ThirdPartyLibs\BussIK\LinearR2.cpp">
      <Filter>examples\ThirdPartyLibs\BussIK</Filter>
    </ClCompile>
    <ClCompile Include="..\..\examples\ThirdPartyLibs\BussIK\LinearR3.cpp">
      <Filter>examples\ThirdPartyLibs\BussIK</Filter>
    </ClCompile>
    <ClCompile Include="..\..\examples\ThirdPartyLibs\BussIK\LinearR4.cpp">
      <Filter>examples\ThirdPartyLibs\BussIK</Filter>
    </ClCompile>
    <ClCompile Include="..\..\examples\ThirdPartyLibs\BussIK\MatrixRmn.cpp">
      <Filter>examples\ThirdPartyLibs\BussIK</Filter>
    </ClCompile>
    <ClCompile Include="..\..\examples\ThirdPartyLibs\BussIK\Misc.cpp">
      <Filter>examples\ThirdPartyLibs\BussIK</Filter>
    </ClCompile>
    <ClCompile Include="..\..\examples\ThirdPartyLibs\BussIK\Node.cpp">
      <Filter>examples\ThirdPartyLibs\BussIK</Filter>
    </ClCompile>
    <ClCompile Include="..\..\examples\ThirdPartyLibs\BussIK\Tree.cpp">
      <Filter>examples\ThirdPartyLibs\BussIK</Filter>
    </ClCompile>
    <ClCompile Include="..\..\examples\ThirdPartyLibs\BussIK\VectorRn.cpp">
      <Filter>examples\ThirdPartyLibs\BussIK</Filter>
    </ClCompile>
  </ItemGroup>
</Project>
