<?xml version="1.0" encoding="utf-8"?>
<Project ToolsVersion="4.0" xmlns="http://schemas.microsoft.com/developer/msbuild/2003">
  <ItemGroup>
    <Filter Include="examples">
      <UniqueIdentifier>{B2623540-2D54-5647-B0EF-99B7D11FD407}</UniqueIdentifier>
    </Filter>
    <Filter Include="examples\SharedMemory">
      <UniqueIdentifier>{91EC8400-6DF5-BE4D-9BFD-053151408B2F}</UniqueIdentifier>
    </Filter>
    <Filter Include="examples\SharedMemory\plugins">
      <UniqueIdentifier>{11D8EA16-BC03-284E-93F8-2632D7E40EFF}</UniqueIdentifier>
    </Filter>
    <Filter Include="examples\SharedMemory\plugins\tinyRendererPlugin">
      <UniqueIdentifier>{9F5F1316-17D8-9549-A763-F8B13AF8061B}</UniqueIdentifier>
    </Filter>
    <Filter Include="examples\Importers">
      <UniqueIdentifier>{A1547835-430C-B149-A87D-57FEA6BE7CC4}</UniqueIdentifier>
    </Filter>
    <Filter Include="examples\Importers\ImportColladaDemo">
      <UniqueIdentifier>{6BE730CC-18BB-AB4C-87B4-EFD17745C4A0}</UniqueIdentifier>
    </Filter>
    <Filter Include="examples\Importers\ImportMeshUtility">
      <UniqueIdentifier>{D3745DEB-D9ED-1E48-8BCD-A9D9E990A02E}</UniqueIdentifier>
    </Filter>
    <Filter Include="examples\Importers\ImportObjDemo">
      <UniqueIdentifier>{E4876FD4-C5CE-1749-955B-6E5B60F8252C}</UniqueIdentifier>
    </Filter>
    <Filter Include="examples\TinyRenderer">
      <UniqueIdentifier>{FEA4B26D-700D-254A-9C1E-F95F423C19F9}</UniqueIdentifier>
    </Filter>
    <Filter Include="examples\ThirdPartyLibs">
      <UniqueIdentifier>{30F290CC-0941-FF4D-8F4D-6F54079C55E7}</UniqueIdentifier>
    </Filter>
    <Filter Include="examples\ThirdPartyLibs\Wavefront">
      <UniqueIdentifier>{F6CC9623-8CE8-9347-98B6-6852C831E2E8}</UniqueIdentifier>
    </Filter>
    <Filter Include="examples\ThirdPartyLibs\stb_image">
      <UniqueIdentifier>{7B21D11C-F6C1-344E-8771-677E20A5A18E}</UniqueIdentifier>
    </Filter>
    <Filter Include="examples\ThirdPartyLibs\tinyxml">
      <UniqueIdentifier>{729EB181-3823-6941-B58C-09E8270FBC32}</UniqueIdentifier>
    </Filter>
    <Filter Include="examples\OpenGLWindow">
      <UniqueIdentifier>{C5D4ACF3-0FDF-1746-B043-8BE0953FE221}</UniqueIdentifier>
    </Filter>
    <Filter Include="examples\Utils">
      <UniqueIdentifier>{63CF1B86-6B78-2C4F-8528-4C8FFC33485F}</UniqueIdentifier>
    </Filter>
  </ItemGroup>
  <ItemGroup>
    <ClInclude Include="..\..\examples\SharedMemory\plugins\tinyRendererPlugin\tinyRendererPlugin.h">
      <Filter>examples\SharedMemory\plugins\tinyRendererPlugin</Filter>
    </ClInclude>
    <ClInclude Include="..\..\examples\SharedMemory\plugins\tinyRendererPlugin\TinyRendererVisualShapeConverter.h">
      <Filter>examples\SharedMemory\plugins\tinyRendererPlugin</Filter>
    </ClInclude>
    <ClInclude Include="..\..\examples\Importers\ImportColladaDemo\LoadMeshFromCollada.h">
      <Filter>examples\Importers\ImportColladaDemo</Filter>
    </ClInclude>
    <ClInclude Include="..\..\examples\Importers\ImportMeshUtility\b3ImportMeshUtility.h">
      <Filter>examples\Importers\ImportMeshUtility</Filter>
    </ClInclude>
    <ClInclude Include="..\..\examples\Importers\ImportObjDemo\LoadMeshFromObj.h">
      <Filter>examples\Importers\ImportObjDemo</Filter>
    </ClInclude>
    <ClInclude Include="..\..\examples\Importers\ImportObjDemo\Wavefront2GLInstanceGraphicsShape.h">
      <Filter>examples\Importers\ImportObjDemo</Filter>
    </ClInclude>
    <ClInclude Include="..\..\examples\ThirdPartyLibs\Wavefront\tiny_obj_loader.h">
      <Filter>examples\ThirdPartyLibs\Wavefront</Filter>
    </ClInclude>
    <ClInclude Include="..\..\examples\ThirdPartyLibs\stb_image\stb_image.h">
      <Filter>examples\ThirdPartyLibs\stb_image</Filter>
    </ClInclude>
    <ClInclude Include="..\..\examples\ThirdPartyLibs\tinyxml\tinystr.h">
      <Filter>examples\ThirdPartyLibs\tinyxml</Filter>
    </ClInclude>
    <ClInclude Include="..\..\examples\ThirdPartyLibs\tinyxml\tinyxml.h">
      <Filter>examples\ThirdPartyLibs\tinyxml</Filter>
    </ClInclude>
    <ClInclude Include="..\..\examples\OpenGLWindow\SimpleCamera.h">
      <Filter>examples\OpenGLWindow</Filter>
    </ClInclude>
    <ClInclude Include="..\..\examples\Utils\b3Clock.h">
      <Filter>examples\Utils</Filter>
    </ClInclude>
    <ClInclude Include="..\..\examples\Utils\b3ResourcePath.h">
      <Filter>examples\Utils</Filter>
    </ClInclude>
  </ItemGroup>
  <ItemGroup>
    <ClCompile Include="..\..\examples\SharedMemory\plugins\tinyRendererPlugin\tinyRendererPlugin.cpp">
      <Filter>examples\SharedMemory\plugins\tinyRendererPlugin</Filter>
    </ClCompile>
    <ClCompile Include="..\..\examples\SharedMemory\plugins\tinyRendererPlugin\TinyRendererVisualShapeConverter.cpp">
      <Filter>examples\SharedMemory\plugins\tinyRendererPlugin</Filter>
    </ClCompile>
    <ClCompile Include="..\..\examples\Importers\ImportColladaDemo\LoadMeshFromCollada.cpp">
      <Filter>examples\Importers\ImportColladaDemo</Filter>
    </ClCompile>
    <ClCompile Include="..\..\examples\Importers\ImportMeshUtility\b3ImportMeshUtility.cpp">
      <Filter>examples\Importers\ImportMeshUtility</Filter>
    </ClCompile>
    <ClCompile Include="..\..\examples\Importers\ImportObjDemo\LoadMeshFromObj.cpp">
      <Filter>examples\Importers\ImportObjDemo</Filter>
    </ClCompile>
    <ClCompile Include="..\..\examples\Importers\ImportObjDemo\Wavefront2GLInstanceGraphicsShape.cpp">
      <Filter>examples\Importers\ImportObjDemo</Filter>
    </ClCompile>
    <ClCompile Include="..\..\examples\TinyRenderer\geometry.cpp">
      <Filter>examples\TinyRenderer</Filter>
    </ClCompile>
    <ClCompile Include="..\..\examples\TinyRenderer\model.cpp">
      <Filter>examples\TinyRenderer</Filter>
    </ClCompile>
    <ClCompile Include="..\..\examples\TinyRenderer\our_gl.cpp">
      <Filter>examples\TinyRenderer</Filter>
    </ClCompile>
    <ClCompile Include="..\..\examples\TinyRenderer\tgaimage.cpp">
      <Filter>examples\TinyRenderer</Filter>
    </ClCompile>
    <ClCompile Include="..\..\examples\TinyRenderer\TinyRenderer.cpp">
      <Filter>examples\TinyRenderer</Filter>
    </ClCompile>
    <ClCompile Include="..\..\examples\ThirdPartyLibs\Wavefront\tiny_obj_loader.cpp">
      <Filter>examples\ThirdPartyLibs\Wavefront</Filter>
    </ClCompile>
    <ClCompile Include="..\..\examples\ThirdPartyLibs\stb_image\stb_image.cpp">
      <Filter>examples\ThirdPartyLibs\stb_image</Filter>
    </ClCompile>
    <ClCompile Include="..\..\examples\ThirdPartyLibs\tinyxml\tinystr.cpp">
      <Filter>examples\ThirdPartyLibs\tinyxml</Filter>
    </ClCompile>
    <ClCompile Include="..\..\examples\ThirdPartyLibs\tinyxml\tinyxml.cpp">
      <Filter>examples\ThirdPartyLibs\tinyxml</Filter>
    </ClCompile>
    <ClCompile Include="..\..\examples\ThirdPartyLibs\tinyxml\tinyxmlerror.cpp">
      <Filter>examples\ThirdPartyLibs\tinyxml</Filter>
    </ClCompile>
    <ClCompile Include="..\..\examples\ThirdPartyLibs\tinyxml\tinyxmlparser.cpp">
      <Filter>examples\ThirdPartyLibs\tinyxml</Filter>
    </ClCompile>
    <ClCompile Include="..\..\examples\OpenGLWindow\SimpleCamera.cpp">
      <Filter>examples\OpenGLWindow</Filter>
    </ClCompile>
    <ClCompile Include="..\..\examples\Utils\b3Clock.cpp">
      <Filter>examples\Utils</Filter>
    </ClCompile>
    <ClCompile Include="..\..\examples\Utils\b3ResourcePath.cpp">
      <Filter>examples\Utils</Filter>
    </ClCompile>
  </ItemGroup>
</Project>
